// !$*UTF8*$!
{
	archiveVersion = 1;
	classes = {
	};
	objectVersion = 55;
	objects = {

/* Begin PBXBuildFile section */
		BF32D41C27E1DE8300AB23F2 /* 4948 (unsolved).swift in Sources */ = {isa = PBXBuildFile; fileRef = BF32D41B27E1DE8300AB23F2 /* 4948 (unsolved).swift */; };
		BF9D316A27F68364004386F9 /* main.swift in Sources */ = {isa = PBXBuildFile; fileRef = BF9D316927F68364004386F9 /* main.swift */; };
/* End PBXBuildFile section */

/* Begin PBXCopyFilesBuildPhase section */
		BF96D90C27D60A9A004DBBAF /* CopyFiles */ = {
			isa = PBXCopyFilesBuildPhase;
			buildActionMask = 2147483647;
			dstPath = /usr/share/man/man1/;
			dstSubfolderSpec = 0;
			files = (
			);
			runOnlyForDeploymentPostprocessing = 1;
		};
/* End PBXCopyFilesBuildPhase section */

/* Begin PBXFileReference section */
		BF12006527E574BA00F9BF98 /* 2798.swift */ = {isa = PBXFileReference; lastKnownFileType = sourcecode.swift; path = 2798.swift; sourceTree = "<group>"; };
		BF12006727E82E3700F9BF98 /* 2231.swift */ = {isa = PBXFileReference; lastKnownFileType = sourcecode.swift; path = 2231.swift; sourceTree = "<group>"; };
		BF12006927E98E7100F9BF98 /* 7568.swift */ = {isa = PBXFileReference; lastKnownFileType = sourcecode.swift; path = 7568.swift; sourceTree = "<group>"; };
		BF16984F27F2D5C300594A43 /* 9663 ( unsolved ) .swift */ = {isa = PBXFileReference; lastKnownFileType = sourcecode.swift; path = "9663 ( unsolved ) .swift"; sourceTree = "<group>"; };
		BF1FF1AB27ED57DF000DEDB2 /* 1427.swift */ = {isa = PBXFileReference; lastKnownFileType = sourcecode.swift; path = 1427.swift; sourceTree = "<group>"; };
		BF1FF1AD27ED5A02000DEDB2 /* 11650.swift */ = {isa = PBXFileReference; lastKnownFileType = sourcecode.swift; path = 11650.swift; sourceTree = "<group>"; };
		BF1FF1AF27EED030000DEDB2 /* 11651.swift */ = {isa = PBXFileReference; lastKnownFileType = sourcecode.swift; path = 11651.swift; sourceTree = "<group>"; };
		BF32D41527E1CF9200AB23F2 /* 2581.swift */ = {isa = PBXFileReference; lastKnownFileType = sourcecode.swift; path = 2581.swift; sourceTree = "<group>"; };
		BF32D41727E1DD8B00AB23F2 /* 11653.swift */ = {isa = PBXFileReference; lastKnownFileType = sourcecode.swift; path = 11653.swift; sourceTree = "<group>"; };
		BF32D41927E1DE1200AB23F2 /* 1929.swift */ = {isa = PBXFileReference; lastKnownFileType = sourcecode.swift; path = 1929.swift; sourceTree = "<group>"; };
		BF32D41B27E1DE8300AB23F2 /* 4948 (unsolved).swift */ = {isa = PBXFileReference; lastKnownFileType = sourcecode.swift; path = "4948 (unsolved).swift"; sourceTree = "<group>"; };
		BF32D41D27E1DF1800AB23F2 /* 9020.swift */ = {isa = PBXFileReference; lastKnownFileType = sourcecode.swift; path = 9020.swift; sourceTree = "<group>"; };
		BF32D41F27E240B900AB23F2 /* 1085.swift */ = {isa = PBXFileReference; lastKnownFileType = sourcecode.swift; path = 1085.swift; sourceTree = "<group>"; };
		BF32D42127E241B800AB23F2 /* 3009.swift */ = {isa = PBXFileReference; lastKnownFileType = sourcecode.swift; path = 3009.swift; sourceTree = "<group>"; };
		BF32D42327E2433D00AB23F2 /* 4153.swift */ = {isa = PBXFileReference; lastKnownFileType = sourcecode.swift; path = 4153.swift; sourceTree = "<group>"; };
		BF32D42527E245BE00AB23F2 /* 3053.swift */ = {isa = PBXFileReference; lastKnownFileType = sourcecode.swift; path = 3053.swift; sourceTree = "<group>"; };
		BF32D42727E246CA00AB23F2 /* 1002.swift */ = {isa = PBXFileReference; lastKnownFileType = sourcecode.swift; path = 1002.swift; sourceTree = "<group>"; };
		BF6CFFDC27D7BD77001296DF /* 1330.swift */ = {isa = PBXFileReference; lastKnownFileType = sourcecode.swift; path = 1330.swift; sourceTree = "<group>"; };
		BF6CFFDE27D7BE03001296DF /* 9498.swift */ = {isa = PBXFileReference; lastKnownFileType = sourcecode.swift; path = 9498.swift; sourceTree = "<group>"; };
		BF6CFFE027D7BF63001296DF /* 2753.swift */ = {isa = PBXFileReference; lastKnownFileType = sourcecode.swift; path = 2753.swift; sourceTree = "<group>"; };
		BF6CFFE227D7BFFD001296DF /* 14681.swift */ = {isa = PBXFileReference; lastKnownFileType = sourcecode.swift; path = 14681.swift; sourceTree = "<group>"; };
		BF6CFFE427D7C0D8001296DF /* 2884.swift */ = {isa = PBXFileReference; lastKnownFileType = sourcecode.swift; path = 2884.swift; sourceTree = "<group>"; };
		BF6CFFE627D7C1C1001296DF /* 2525.swift */ = {isa = PBXFileReference; lastKnownFileType = sourcecode.swift; path = 2525.swift; sourceTree = "<group>"; };
		BF6CFFE827D7C294001296DF /* 2480.swift */ = {isa = PBXFileReference; lastKnownFileType = sourcecode.swift; path = 2480.swift; sourceTree = "<group>"; };
		BF6CFFEB27D7C4C0001296DF /* 2739.swift */ = {isa = PBXFileReference; lastKnownFileType = sourcecode.swift; path = 2739.swift; sourceTree = "<group>"; };
		BF6CFFED27D7C51F001296DF /* 10950.swift */ = {isa = PBXFileReference; lastKnownFileType = sourcecode.swift; path = 10950.swift; sourceTree = "<group>"; };
		BF6CFFEF27D7C5AB001296DF /* 8393.swift */ = {isa = PBXFileReference; lastKnownFileType = sourcecode.swift; path = 8393.swift; sourceTree = "<group>"; };
		BF6CFFF127D7C619001296DF /* 15552.swift */ = {isa = PBXFileReference; lastKnownFileType = sourcecode.swift; path = 15552.swift; sourceTree = "<group>"; };
		BF6CFFF327D7C730001296DF /* 2741.swift */ = {isa = PBXFileReference; lastKnownFileType = sourcecode.swift; path = 2741.swift; sourceTree = "<group>"; };
		BF6CFFF527D7C77A001296DF /* 2742.swift */ = {isa = PBXFileReference; lastKnownFileType = sourcecode.swift; path = 2742.swift; sourceTree = "<group>"; };
		BF6CFFF727D7C843001296DF /* 11021.swift */ = {isa = PBXFileReference; lastKnownFileType = sourcecode.swift; path = 11021.swift; sourceTree = "<group>"; };
		BF6CFFF927D7C8DF001296DF /* 11022.swift */ = {isa = PBXFileReference; lastKnownFileType = sourcecode.swift; path = 11022.swift; sourceTree = "<group>"; };
		BF6CFFFB27D7C95B001296DF /* 2438.swift */ = {isa = PBXFileReference; lastKnownFileType = sourcecode.swift; path = 2438.swift; sourceTree = "<group>"; };
		BF6CFFFD27D7CA32001296DF /* 2439.swift */ = {isa = PBXFileReference; lastKnownFileType = sourcecode.swift; path = 2439.swift; sourceTree = "<group>"; };
		BF6CFFFF27D7CAE6001296DF /* 10871.swift */ = {isa = PBXFileReference; lastKnownFileType = sourcecode.swift; path = 10871.swift; sourceTree = "<group>"; };
		BF87EF2627EADB8E00A2EB0C /* 1018.swift */ = {isa = PBXFileReference; lastKnownFileType = sourcecode.swift; path = 1018.swift; sourceTree = "<group>"; };
		BF87EF2827EAEC3C00A2EB0C /* 1436.swift */ = {isa = PBXFileReference; lastKnownFileType = sourcecode.swift; path = 1436.swift; sourceTree = "<group>"; };
		BF87EF2B27EAFAD800A2EB0C /* 2750.swift */ = {isa = PBXFileReference; lastKnownFileType = sourcecode.swift; path = 2750.swift; sourceTree = "<group>"; };
		BF87EF2D27EAFB5A00A2EB0C /* 2751.swift */ = {isa = PBXFileReference; lastKnownFileType = sourcecode.swift; path = 2751.swift; sourceTree = "<group>"; };
		BF87EF2F27EB17FE00A2EB0C /* 10989.swift */ = {isa = PBXFileReference; lastKnownFileType = sourcecode.swift; path = 10989.swift; sourceTree = "<group>"; };
		BF87EF3127EC174600A2EB0C /* 2108.swift */ = {isa = PBXFileReference; lastKnownFileType = sourcecode.swift; path = 2108.swift; sourceTree = "<group>"; };
		BF96D90E27D60A9A004DBBAF /* BaekJoonSwift */ = {isa = PBXFileReference; explicitFileType = "compiled.mach-o.executable"; includeInIndex = 0; path = BaekJoonSwift; sourceTree = BUILT_PRODUCTS_DIR; };
		BF96D91127D60A9A004DBBAF /* 2557.swift */ = {isa = PBXFileReference; lastKnownFileType = sourcecode.swift; path = 2557.swift; sourceTree = "<group>"; };
		BF96D91927D60B3F004DBBAF /* 10718.swift */ = {isa = PBXFileReference; lastKnownFileType = sourcecode.swift; path = 10718.swift; sourceTree = "<group>"; };
		BF96D91E27D60C4E004DBBAF /* 10171.swift */ = {isa = PBXFileReference; lastKnownFileType = sourcecode.swift; path = 10171.swift; sourceTree = "<group>"; };
		BF96D92027D6E258004DBBAF /* 10172.swift */ = {isa = PBXFileReference; lastKnownFileType = sourcecode.swift; path = 10172.swift; sourceTree = "<group>"; };
		BF96D92227D6E3E0004DBBAF /* 1000.swift */ = {isa = PBXFileReference; lastKnownFileType = sourcecode.swift; path = 1000.swift; sourceTree = "<group>"; };
		BF96D92427D6E53F004DBBAF /* 1001.swift */ = {isa = PBXFileReference; lastKnownFileType = sourcecode.swift; path = 1001.swift; sourceTree = "<group>"; };
		BF96D92627D6E79F004DBBAF /* 10998.swift */ = {isa = PBXFileReference; lastKnownFileType = sourcecode.swift; path = 10998.swift; sourceTree = "<group>"; };
		BF96D92827D6E844004DBBAF /* 1008.swift */ = {isa = PBXFileReference; lastKnownFileType = sourcecode.swift; path = 1008.swift; sourceTree = "<group>"; };
		BF96D92A27D6E8CD004DBBAF /* 10869.swift */ = {isa = PBXFileReference; lastKnownFileType = sourcecode.swift; path = 10869.swift; sourceTree = "<group>"; };
		BF96D92C27D6E9B5004DBBAF /* 10926.swift */ = {isa = PBXFileReference; lastKnownFileType = sourcecode.swift; path = 10926.swift; sourceTree = "<group>"; };
		BF96D92E27D6EA30004DBBAF /* 18108.swift */ = {isa = PBXFileReference; lastKnownFileType = sourcecode.swift; path = 18108.swift; sourceTree = "<group>"; };
		BF96D93027D6EAE0004DBBAF /* 10430.swift */ = {isa = PBXFileReference; lastKnownFileType = sourcecode.swift; path = 10430.swift; sourceTree = "<group>"; };
		BF96D93227D6EB70004DBBAF /* 2588.swift */ = {isa = PBXFileReference; lastKnownFileType = sourcecode.swift; path = 2588.swift; sourceTree = "<group>"; };
		BF9C3FB727DC35D2005711D7 /* 1152.swift */ = {isa = PBXFileReference; lastKnownFileType = sourcecode.swift; path = 1152.swift; sourceTree = "<group>"; };
		BF9C3FB927DC3635005711D7 /* 2908.swift */ = {isa = PBXFileReference; lastKnownFileType = sourcecode.swift; path = 2908.swift; sourceTree = "<group>"; };
		BF9C3FBB27DC36CB005711D7 /* 5622.swift */ = {isa = PBXFileReference; lastKnownFileType = sourcecode.swift; path = 5622.swift; sourceTree = "<group>"; };
		BF9C3FBD27DC3C8E005711D7 /* 2941.swift */ = {isa = PBXFileReference; lastKnownFileType = sourcecode.swift; path = 2941.swift; sourceTree = "<group>"; };
		BF9C3FBF27DC3D9B005711D7 /* 1316.swift */ = {isa = PBXFileReference; lastKnownFileType = sourcecode.swift; path = 1316.swift; sourceTree = "<group>"; };
		BF9C3FC227DCA1F6005711D7 /* 1712.swift */ = {isa = PBXFileReference; lastKnownFileType = sourcecode.swift; path = 1712.swift; sourceTree = "<group>"; };
		BF9C3FC427DCA41F005711D7 /* 2292.swift */ = {isa = PBXFileReference; lastKnownFileType = sourcecode.swift; path = 2292.swift; sourceTree = "<group>"; };
		BF9C3FC627DCA642005711D7 /* 1193.swift */ = {isa = PBXFileReference; lastKnownFileType = sourcecode.swift; path = 1193.swift; sourceTree = "<group>"; };
		BF9C3FC827DD0F10005711D7 /* 2869.swift */ = {isa = PBXFileReference; lastKnownFileType = sourcecode.swift; path = 2869.swift; sourceTree = "<group>"; };
		BF9C3FCA27DD1221005711D7 /* 10250.swift */ = {isa = PBXFileReference; lastKnownFileType = sourcecode.swift; path = 10250.swift; sourceTree = "<group>"; };
		BF9C3FCC27DF4F72005711D7 /* 2775.swift */ = {isa = PBXFileReference; lastKnownFileType = sourcecode.swift; path = 2775.swift; sourceTree = "<group>"; };
		BF9C3FCE27DF9A45005711D7 /* 2839.swift */ = {isa = PBXFileReference; lastKnownFileType = sourcecode.swift; path = 2839.swift; sourceTree = "<group>"; };
		BF9C3FD027DF9D83005711D7 /* 10757 (unsolved).swift */ = {isa = PBXFileReference; lastKnownFileType = sourcecode.swift; path = "10757 (unsolved).swift"; sourceTree = "<group>"; };
		BF9D315F27F575A4004386F9 /* 9184.swift */ = {isa = PBXFileReference; lastKnownFileType = sourcecode.swift; path = 9184.swift; sourceTree = "<group>"; };
		BF9D316127F5CBE2004386F9 /* 1904.swift */ = {isa = PBXFileReference; lastKnownFileType = sourcecode.swift; path = 1904.swift; sourceTree = "<group>"; };
		BF9D316327F5CE44004386F9 /* 9461.swift */ = {isa = PBXFileReference; lastKnownFileType = sourcecode.swift; path = 9461.swift; sourceTree = "<group>"; };
		BF9D316527F5D11E004386F9 /* 1149.swift */ = {isa = PBXFileReference; lastKnownFileType = sourcecode.swift; path = 1149.swift; sourceTree = "<group>"; };
		BF9D316727F5D5B0004386F9 /* 1932.swift */ = {isa = PBXFileReference; lastKnownFileType = sourcecode.swift; path = 1932.swift; sourceTree = "<group>"; };
		BF9D316927F68364004386F9 /* main.swift */ = {isa = PBXFileReference; lastKnownFileType = sourcecode.swift; path = main.swift; sourceTree = "<group>"; };
		BFA478BD27F192DD00428655 /* 15652.swift */ = {isa = PBXFileReference; lastKnownFileType = sourcecode.swift; path = 15652.swift; sourceTree = "<group>"; };
		BFAB5C4427E38D3F00F83289 /* 10872.swift */ = {isa = PBXFileReference; lastKnownFileType = sourcecode.swift; path = 10872.swift; sourceTree = "<group>"; };
		BFAB5C4627E38E0900F83289 /* 10870.swift */ = {isa = PBXFileReference; lastKnownFileType = sourcecode.swift; path = 10870.swift; sourceTree = "<group>"; };
		BFAB5C4827E38E9800F83289 /* 2447 (unsolved).swift */ = {isa = PBXFileReference; lastKnownFileType = sourcecode.swift; path = "2447 (unsolved).swift"; sourceTree = "<group>"; };
		BFAB5C4A27E392EE00F83289 /* 11729.swift */ = {isa = PBXFileReference; lastKnownFileType = sourcecode.swift; path = 11729.swift; sourceTree = "<group>"; };
		BFB73AE227E0E3E600CA881F /* 1978.swift */ = {isa = PBXFileReference; lastKnownFileType = sourcecode.swift; path = 1978.swift; sourceTree = "<group>"; };
		BFC4CC4427F042AF00CB7329 /* 1181.swift */ = {isa = PBXFileReference; lastKnownFileType = sourcecode.swift; path = 1181.swift; sourceTree = "<group>"; };
		BFC4CC4627F0456000CB7329 /* 10814.swift */ = {isa = PBXFileReference; lastKnownFileType = sourcecode.swift; path = 10814.swift; sourceTree = "<group>"; };
		BFC4CC4827F0487900CB7329 /* 18870.swift */ = {isa = PBXFileReference; lastKnownFileType = sourcecode.swift; path = 18870.swift; sourceTree = "<group>"; };
		BFC4CC4B27F1658D00CB7329 /* 15649.swift */ = {isa = PBXFileReference; lastKnownFileType = sourcecode.swift; path = 15649.swift; sourceTree = "<group>"; };
		BFC4CC4D27F16BAD00CB7329 /* 15650.swift */ = {isa = PBXFileReference; lastKnownFileType = sourcecode.swift; path = 15650.swift; sourceTree = "<group>"; };
		BFC4CC4F27F1845100CB7329 /* 15651.swift */ = {isa = PBXFileReference; lastKnownFileType = sourcecode.swift; path = 15651.swift; sourceTree = "<group>"; };
		BFCC449F27F341CC00AB1257 /* 14888.swift */ = {isa = PBXFileReference; lastKnownFileType = sourcecode.swift; path = 14888.swift; sourceTree = "<group>"; };
		BFCC44A127F346C300AB1257 /* 14889 ( unsolved ).swift */ = {isa = PBXFileReference; lastKnownFileType = sourcecode.swift; path = "14889 ( unsolved ).swift"; sourceTree = "<group>"; };
		BFCC44A427F4160700AB1257 /* 1003.swift */ = {isa = PBXFileReference; lastKnownFileType = sourcecode.swift; path = 1003.swift; sourceTree = "<group>"; };
		BFCE3DDA27D9EAF7004B1058 /* 10952.swift */ = {isa = PBXFileReference; lastKnownFileType = sourcecode.swift; path = 10952.swift; sourceTree = "<group>"; };
		BFCE3DDC27D9EC47004B1058 /* 10951.swift */ = {isa = PBXFileReference; lastKnownFileType = sourcecode.swift; path = 10951.swift; sourceTree = "<group>"; };
		BFCE3DDE27D9ED04004B1058 /* 1110.swift */ = {isa = PBXFileReference; lastKnownFileType = sourcecode.swift; path = 1110.swift; sourceTree = "<group>"; };
		BFCE3DE127DA2059004B1058 /* 10818.swift */ = {isa = PBXFileReference; lastKnownFileType = sourcecode.swift; path = 10818.swift; sourceTree = "<group>"; };
		BFCE3DE327DA2112004B1058 /* 2562.swift */ = {isa = PBXFileReference; lastKnownFileType = sourcecode.swift; path = 2562.swift; sourceTree = "<group>"; };
		BFCE3DE527DA225F004B1058 /* 2577.swift */ = {isa = PBXFileReference; lastKnownFileType = sourcecode.swift; path = 2577.swift; sourceTree = "<group>"; };
		BFCE3DE727DA23A4004B1058 /* 3052.swift */ = {isa = PBXFileReference; lastKnownFileType = sourcecode.swift; path = 3052.swift; sourceTree = "<group>"; };
		BFCE3DE927DA2491004B1058 /* 1546.swift */ = {isa = PBXFileReference; lastKnownFileType = sourcecode.swift; path = 1546.swift; sourceTree = "<group>"; };
		BFCE3DEB27DA265F004B1058 /* 8958.swift */ = {isa = PBXFileReference; lastKnownFileType = sourcecode.swift; path = 8958.swift; sourceTree = "<group>"; };
		BFCE3DED27DA28AC004B1058 /* 4344.swift */ = {isa = PBXFileReference; lastKnownFileType = sourcecode.swift; path = 4344.swift; sourceTree = "<group>"; };
		BFCE3DF027DAF6BC004B1058 /* 4673.swift */ = {isa = PBXFileReference; lastKnownFileType = sourcecode.swift; path = 4673.swift; sourceTree = "<group>"; };
		BFCE3DF227DAFC21004B1058 /* 1065.swift */ = {isa = PBXFileReference; lastKnownFileType = sourcecode.swift; path = 1065.swift; sourceTree = "<group>"; };
		BFCE3DF527DAFFA7004B1058 /* 11654.swift */ = {isa = PBXFileReference; lastKnownFileType = sourcecode.swift; path = 11654.swift; sourceTree = "<group>"; };
		BFCE3DF727DB006A004B1058 /* 11720.swift */ = {isa = PBXFileReference; lastKnownFileType = sourcecode.swift; path = 11720.swift; sourceTree = "<group>"; };
		BFCE3DF927DB77D3004B1058 /* 10809.swift */ = {isa = PBXFileReference; lastKnownFileType = sourcecode.swift; path = 10809.swift; sourceTree = "<group>"; };
		BFCE3DFB27DB79ED004B1058 /* 2675.swift */ = {isa = PBXFileReference; lastKnownFileType = sourcecode.swift; path = 2675.swift; sourceTree = "<group>"; };
		BFCE3DFD27DB7CD2004B1058 /* 1157.swift */ = {isa = PBXFileReference; lastKnownFileType = sourcecode.swift; path = 1157.swift; sourceTree = "<group>"; };
/* End PBXFileReference section */

/* Begin PBXFrameworksBuildPhase section */
		BF96D90B27D60A9A004DBBAF /* Frameworks */ = {
			isa = PBXFrameworksBuildPhase;
			buildActionMask = 2147483647;
			files = (
			);
			runOnlyForDeploymentPostprocessing = 0;
		};
/* End PBXFrameworksBuildPhase section */

/* Begin PBXGroup section */
		BF12006427E574AD00F9BF98 /* Bruth Force */ = {
			isa = PBXGroup;
			children = (
				BF12006527E574BA00F9BF98 /* 2798.swift */,
				BF12006727E82E3700F9BF98 /* 2231.swift */,
				BF12006927E98E7100F9BF98 /* 7568.swift */,
				BF87EF2627EADB8E00A2EB0C /* 1018.swift */,
				BF87EF2827EAEC3C00A2EB0C /* 1436.swift */,
			);
			path = "Bruth Force";
			sourceTree = "<group>";
		};
		BF6CFFDB27D7BD65001296DF /* If */ = {
			isa = PBXGroup;
			children = (
				BF6CFFDC27D7BD77001296DF /* 1330.swift */,
				BF6CFFE227D7BFFD001296DF /* 14681.swift */,
				BF6CFFE427D7C0D8001296DF /* 2884.swift */,
				BF6CFFE627D7C1C1001296DF /* 2525.swift */,
				BF6CFFE827D7C294001296DF /* 2480.swift */,
				BF6CFFDE27D7BE03001296DF /* 9498.swift */,
				BF6CFFE027D7BF63001296DF /* 2753.swift */,
			);
			path = If;
			sourceTree = "<group>";
		};
		BF6CFFEA27D7C441001296DF /* for */ = {
			isa = PBXGroup;
			children = (
				BF6CFFEB27D7C4C0001296DF /* 2739.swift */,
				BF6CFFED27D7C51F001296DF /* 10950.swift */,
				BF6CFFEF27D7C5AB001296DF /* 8393.swift */,
				BF6CFFF127D7C619001296DF /* 15552.swift */,
				BF6CFFF327D7C730001296DF /* 2741.swift */,
				BF6CFFF527D7C77A001296DF /* 2742.swift */,
				BF6CFFF727D7C843001296DF /* 11021.swift */,
				BF6CFFF927D7C8DF001296DF /* 11022.swift */,
				BF6CFFFB27D7C95B001296DF /* 2438.swift */,
				BF6CFFFD27D7CA32001296DF /* 2439.swift */,
				BF6CFFFF27D7CAE6001296DF /* 10871.swift */,
			);
			path = for;
			sourceTree = "<group>";
		};
		BF87EF2A27EAFACE00A2EB0C /* Sorting */ = {
			isa = PBXGroup;
			children = (
				BF87EF2B27EAFAD800A2EB0C /* 2750.swift */,
				BF87EF2D27EAFB5A00A2EB0C /* 2751.swift */,
				BF87EF2F27EB17FE00A2EB0C /* 10989.swift */,
				BF87EF3127EC174600A2EB0C /* 2108.swift */,
				BF1FF1AB27ED57DF000DEDB2 /* 1427.swift */,
				BFC4CC4427F042AF00CB7329 /* 1181.swift */,
				BFC4CC4627F0456000CB7329 /* 10814.swift */,
				BFC4CC4827F0487900CB7329 /* 18870.swift */,
				BF1FF1AF27EED030000DEDB2 /* 11651.swift */,
				BF1FF1AD27ED5A02000DEDB2 /* 11650.swift */,
			);
			path = Sorting;
			sourceTree = "<group>";
		};
		BF96D90527D60A9A004DBBAF = {
			isa = PBXGroup;
			children = (
				BF96D91027D60A9A004DBBAF /* BaekJoonSwift */,
				BF96D90F27D60A9A004DBBAF /* Products */,
			);
			sourceTree = "<group>";
		};
		BF96D90F27D60A9A004DBBAF /* Products */ = {
			isa = PBXGroup;
			children = (
				BF96D90E27D60A9A004DBBAF /* BaekJoonSwift */,
			);
			name = Products;
			sourceTree = "<group>";
		};
		BF96D91027D60A9A004DBBAF /* BaekJoonSwift */ = {
			isa = PBXGroup;
			children = (
				BFCC44A327F415D100AB1257 /* DP */,
				BFC4CC4A27F1658400CB7329 /* BackTracking (4) */,
				BF87EF2A27EAFACE00A2EB0C /* Sorting */,
				BF12006427E574AD00F9BF98 /* Bruth Force */,
				BFAB5C4327E38D3700F83289 /* Recursive (1) */,
				BFB73AE127E0E3DD00CA881F /* Basic Math2 (1) */,
				BF9C3FC127DCA1C7005711D7 /* Basic Math (1) */,
				BFCE3DF427DAFF9F004B1058 /* String */,
				BFCE3DEF27DAF6B2004B1058 /* Function */,
				BFCE3DE027DA2047004B1058 /* Array */,
				BFCE3DD927D9EAE8004B1058 /* while */,
				BF6CFFEA27D7C441001296DF /* for */,
				BF6CFFDB27D7BD65001296DF /* If */,
				BF96D91827D60AAA004DBBAF /* IO and Operation */,
			);
			path = BaekJoonSwift;
			sourceTree = "<group>";
		};
		BF96D91827D60AAA004DBBAF /* IO and Operation */ = {
			isa = PBXGroup;
			children = (
				BF96D91E27D60C4E004DBBAF /* 10171.swift */,
				BF96D92027D6E258004DBBAF /* 10172.swift */,
				BF96D92227D6E3E0004DBBAF /* 1000.swift */,
				BF96D91127D60A9A004DBBAF /* 2557.swift */,
				BF96D91927D60B3F004DBBAF /* 10718.swift */,
				BF96D92427D6E53F004DBBAF /* 1001.swift */,
				BF96D92627D6E79F004DBBAF /* 10998.swift */,
				BF96D92827D6E844004DBBAF /* 1008.swift */,
				BF96D92A27D6E8CD004DBBAF /* 10869.swift */,
				BF96D92C27D6E9B5004DBBAF /* 10926.swift */,
				BF96D92E27D6EA30004DBBAF /* 18108.swift */,
				BF96D93027D6EAE0004DBBAF /* 10430.swift */,
				BF96D93227D6EB70004DBBAF /* 2588.swift */,
			);
			path = "IO and Operation";
			sourceTree = "<group>";
		};
		BF9C3FC127DCA1C7005711D7 /* Basic Math (1) */ = {
			isa = PBXGroup;
			children = (
				BF9C3FCC27DF4F72005711D7 /* 2775.swift */,
				BF9C3FCE27DF9A45005711D7 /* 2839.swift */,
				BF9C3FC627DCA642005711D7 /* 1193.swift */,
				BF9C3FC827DD0F10005711D7 /* 2869.swift */,
				BF9C3FCA27DD1221005711D7 /* 10250.swift */,
				BF9C3FD027DF9D83005711D7 /* 10757 (unsolved).swift */,
				BF9C3FC227DCA1F6005711D7 /* 1712.swift */,
				BF9C3FC427DCA41F005711D7 /* 2292.swift */,
			);
			path = "Basic Math (1)";
			sourceTree = "<group>";
		};
		BFAB5C4327E38D3700F83289 /* Recursive (1) */ = {
			isa = PBXGroup;
			children = (
				BFAB5C4427E38D3F00F83289 /* 10872.swift */,
				BFAB5C4627E38E0900F83289 /* 10870.swift */,
				BFAB5C4827E38E9800F83289 /* 2447 (unsolved).swift */,
				BFAB5C4A27E392EE00F83289 /* 11729.swift */,
			);
			path = "Recursive (1)";
			sourceTree = "<group>";
		};
		BFB73AE127E0E3DD00CA881F /* Basic Math2 (1) */ = {
			isa = PBXGroup;
			children = (
				BFB73AE227E0E3E600CA881F /* 1978.swift */,
				BF32D41F27E240B900AB23F2 /* 1085.swift */,
				BF32D42127E241B800AB23F2 /* 3009.swift */,
				BF32D42327E2433D00AB23F2 /* 4153.swift */,
				BF32D42527E245BE00AB23F2 /* 3053.swift */,
				BF32D42727E246CA00AB23F2 /* 1002.swift */,
				BF32D41527E1CF9200AB23F2 /* 2581.swift */,
				BF32D41727E1DD8B00AB23F2 /* 11653.swift */,
				BF32D41B27E1DE8300AB23F2 /* 4948 (unsolved).swift */,
				BF32D41D27E1DF1800AB23F2 /* 9020.swift */,
				BF32D41927E1DE1200AB23F2 /* 1929.swift */,
			);
			path = "Basic Math2 (1)";
			sourceTree = "<group>";
		};
		BFC4CC4A27F1658400CB7329 /* BackTracking (4) */ = {
			isa = PBXGroup;
			children = (
				BFC4CC4B27F1658D00CB7329 /* 15649.swift */,
				BFC4CC4D27F16BAD00CB7329 /* 15650.swift */,
				BFC4CC4F27F1845100CB7329 /* 15651.swift */,
				BFA478BD27F192DD00428655 /* 15652.swift */,
				BFCC449F27F341CC00AB1257 /* 14888.swift */,
				BFCC44A127F346C300AB1257 /* 14889 ( unsolved ).swift */,
				BF16984F27F2D5C300594A43 /* 9663 ( unsolved ) .swift */,
			);
			path = "BackTracking (4)";
			sourceTree = "<group>";
		};
		BFCC44A327F415D100AB1257 /* DP */ = {
			isa = PBXGroup;
			children = (
				BFCC44A427F4160700AB1257 /* 1003.swift */,
				BF9D315F27F575A4004386F9 /* 9184.swift */,
				BF9D316127F5CBE2004386F9 /* 1904.swift */,
				BF9D316727F5D5B0004386F9 /* 1932.swift */,
				BF9D316927F68364004386F9 /* main.swift */,
				BF9D316327F5CE44004386F9 /* 9461.swift */,
				BF9D316527F5D11E004386F9 /* 1149.swift */,
			);
			path = DP;
			sourceTree = "<group>";
		};
		BFCE3DD927D9EAE8004B1058 /* while */ = {
			isa = PBXGroup;
			children = (
				BFCE3DDA27D9EAF7004B1058 /* 10952.swift */,
				BFCE3DDC27D9EC47004B1058 /* 10951.swift */,
				BFCE3DDE27D9ED04004B1058 /* 1110.swift */,
			);
			path = while;
			sourceTree = "<group>";
		};
		BFCE3DE027DA2047004B1058 /* Array */ = {
			isa = PBXGroup;
			children = (
				BFCE3DE127DA2059004B1058 /* 10818.swift */,
				BFCE3DE327DA2112004B1058 /* 2562.swift */,
				BFCE3DE527DA225F004B1058 /* 2577.swift */,
				BFCE3DE727DA23A4004B1058 /* 3052.swift */,
				BFCE3DE927DA2491004B1058 /* 1546.swift */,
				BFCE3DEB27DA265F004B1058 /* 8958.swift */,
				BFCE3DED27DA28AC004B1058 /* 4344.swift */,
			);
			path = Array;
			sourceTree = "<group>";
		};
		BFCE3DEF27DAF6B2004B1058 /* Function */ = {
			isa = PBXGroup;
			children = (
				BFCE3DF027DAF6BC004B1058 /* 4673.swift */,
				BFCE3DF227DAFC21004B1058 /* 1065.swift */,
			);
			path = Function;
			sourceTree = "<group>";
		};
		BFCE3DF427DAFF9F004B1058 /* String */ = {
			isa = PBXGroup;
			children = (
				BFCE3DF527DAFFA7004B1058 /* 11654.swift */,
				BFCE3DF727DB006A004B1058 /* 11720.swift */,
				BFCE3DF927DB77D3004B1058 /* 10809.swift */,
				BFCE3DFB27DB79ED004B1058 /* 2675.swift */,
				BFCE3DFD27DB7CD2004B1058 /* 1157.swift */,
				BF9C3FB727DC35D2005711D7 /* 1152.swift */,
				BF9C3FB927DC3635005711D7 /* 2908.swift */,
				BF9C3FBB27DC36CB005711D7 /* 5622.swift */,
				BF9C3FBD27DC3C8E005711D7 /* 2941.swift */,
				BF9C3FBF27DC3D9B005711D7 /* 1316.swift */,
			);
			path = String;
			sourceTree = "<group>";
		};
/* End PBXGroup section */

/* Begin PBXNativeTarget section */
		BF96D90D27D60A9A004DBBAF /* BaekJoonSwift */ = {
			isa = PBXNativeTarget;
			buildConfigurationList = BF96D91527D60A9A004DBBAF /* Build configuration list for PBXNativeTarget "BaekJoonSwift" */;
			buildPhases = (
				BF96D90A27D60A9A004DBBAF /* Sources */,
				BF96D90B27D60A9A004DBBAF /* Frameworks */,
				BF96D90C27D60A9A004DBBAF /* CopyFiles */,
			);
			buildRules = (
			);
			dependencies = (
			);
			name = BaekJoonSwift;
			productName = BaekJoonSwift;
			productReference = BF96D90E27D60A9A004DBBAF /* BaekJoonSwift */;
			productType = "com.apple.product-type.tool";
		};
/* End PBXNativeTarget section */

/* Begin PBXProject section */
		BF96D90627D60A9A004DBBAF /* Project object */ = {
			isa = PBXProject;
			attributes = {
				BuildIndependentTargetsInParallel = 1;
				LastSwiftUpdateCheck = 1320;
				LastUpgradeCheck = 1320;
				TargetAttributes = {
					BF96D90D27D60A9A004DBBAF = {
						CreatedOnToolsVersion = 13.2.1;
						LastSwiftMigration = 1330;
					};
				};
			};
			buildConfigurationList = BF96D90927D60A9A004DBBAF /* Build configuration list for PBXProject "BaekJoonSwift" */;
			compatibilityVersion = "Xcode 13.0";
			developmentRegion = en;
			hasScannedForEncodings = 0;
			knownRegions = (
				en,
				Base,
			);
			mainGroup = BF96D90527D60A9A004DBBAF;
			productRefGroup = BF96D90F27D60A9A004DBBAF /* Products */;
			projectDirPath = "";
			projectRoot = "";
			targets = (
				BF96D90D27D60A9A004DBBAF /* BaekJoonSwift */,
			);
		};
/* End PBXProject section */

/* Begin PBXSourcesBuildPhase section */
		BF96D90A27D60A9A004DBBAF /* Sources */ = {
			isa = PBXSourcesBuildPhase;
			buildActionMask = 2147483647;
			files = (
				BF9D316A27F68364004386F9 /* main.swift in Sources */,
				BF32D41C27E1DE8300AB23F2 /* 4948 (unsolved).swift in Sources */,
			);
			runOnlyForDeploymentPostprocessing = 0;
		};
/* End PBXSourcesBuildPhase section */

/* Begin XCBuildConfiguration section */
		BF96D91327D60A9A004DBBAF /* Debug */ = {
			isa = XCBuildConfiguration;
			buildSettings = {
				ALWAYS_SEARCH_USER_PATHS = NO;
				CLANG_ANALYZER_NONNULL = YES;
				CLANG_ANALYZER_NUMBER_OBJECT_CONVERSION = YES_AGGRESSIVE;
				CLANG_CXX_LANGUAGE_STANDARD = "gnu++17";
				CLANG_CXX_LIBRARY = "libc++";
				CLANG_ENABLE_MODULES = YES;
				CLANG_ENABLE_OBJC_ARC = YES;
				CLANG_ENABLE_OBJC_WEAK = YES;
				CLANG_WARN_BLOCK_CAPTURE_AUTORELEASING = YES;
				CLANG_WARN_BOOL_CONVERSION = YES;
				CLANG_WARN_COMMA = YES;
				CLANG_WARN_CONSTANT_CONVERSION = YES;
				CLANG_WARN_DEPRECATED_OBJC_IMPLEMENTATIONS = YES;
				CLANG_WARN_DIRECT_OBJC_ISA_USAGE = YES_ERROR;
				CLANG_WARN_DOCUMENTATION_COMMENTS = YES;
				CLANG_WARN_EMPTY_BODY = YES;
				CLANG_WARN_ENUM_CONVERSION = YES;
				CLANG_WARN_INFINITE_RECURSION = YES;
				CLANG_WARN_INT_CONVERSION = YES;
				CLANG_WARN_NON_LITERAL_NULL_CONVERSION = YES;
				CLANG_WARN_OBJC_IMPLICIT_RETAIN_SELF = YES;
				CLANG_WARN_OBJC_LITERAL_CONVERSION = YES;
				CLANG_WARN_OBJC_ROOT_CLASS = YES_ERROR;
				CLANG_WARN_QUOTED_INCLUDE_IN_FRAMEWORK_HEADER = YES;
				CLANG_WARN_RANGE_LOOP_ANALYSIS = YES;
				CLANG_WARN_STRICT_PROTOTYPES = YES;
				CLANG_WARN_SUSPICIOUS_MOVE = YES;
				CLANG_WARN_UNGUARDED_AVAILABILITY = YES_AGGRESSIVE;
				CLANG_WARN_UNREACHABLE_CODE = YES;
				CLANG_WARN__DUPLICATE_METHOD_MATCH = YES;
				COPY_PHASE_STRIP = NO;
				DEBUG_INFORMATION_FORMAT = dwarf;
				ENABLE_STRICT_OBJC_MSGSEND = YES;
				ENABLE_TESTABILITY = YES;
				GCC_C_LANGUAGE_STANDARD = gnu11;
				GCC_DYNAMIC_NO_PIC = NO;
				GCC_NO_COMMON_BLOCKS = YES;
				GCC_OPTIMIZATION_LEVEL = 0;
				GCC_PREPROCESSOR_DEFINITIONS = (
					"DEBUG=1",
					"$(inherited)",
				);
				GCC_WARN_64_TO_32_BIT_CONVERSION = YES;
				GCC_WARN_ABOUT_RETURN_TYPE = YES_ERROR;
				GCC_WARN_UNDECLARED_SELECTOR = YES;
				GCC_WARN_UNINITIALIZED_AUTOS = YES_AGGRESSIVE;
				GCC_WARN_UNUSED_FUNCTION = YES;
				GCC_WARN_UNUSED_VARIABLE = YES;
				MACOSX_DEPLOYMENT_TARGET = 12.1;
				MTL_ENABLE_DEBUG_INFO = INCLUDE_SOURCE;
				MTL_FAST_MATH = YES;
				ONLY_ACTIVE_ARCH = YES;
				SDKROOT = macosx;
				SWIFT_ACTIVE_COMPILATION_CONDITIONS = DEBUG;
				SWIFT_OPTIMIZATION_LEVEL = "-Onone";
			};
			name = Debug;
		};
		BF96D91427D60A9A004DBBAF /* Release */ = {
			isa = XCBuildConfiguration;
			buildSettings = {
				ALWAYS_SEARCH_USER_PATHS = NO;
				CLANG_ANALYZER_NONNULL = YES;
				CLANG_ANALYZER_NUMBER_OBJECT_CONVERSION = YES_AGGRESSIVE;
				CLANG_CXX_LANGUAGE_STANDARD = "gnu++17";
				CLANG_CXX_LIBRARY = "libc++";
				CLANG_ENABLE_MODULES = YES;
				CLANG_ENABLE_OBJC_ARC = YES;
				CLANG_ENABLE_OBJC_WEAK = YES;
				CLANG_WARN_BLOCK_CAPTURE_AUTORELEASING = YES;
				CLANG_WARN_BOOL_CONVERSION = YES;
				CLANG_WARN_COMMA = YES;
				CLANG_WARN_CONSTANT_CONVERSION = YES;
				CLANG_WARN_DEPRECATED_OBJC_IMPLEMENTATIONS = YES;
				CLANG_WARN_DIRECT_OBJC_ISA_USAGE = YES_ERROR;
				CLANG_WARN_DOCUMENTATION_COMMENTS = YES;
				CLANG_WARN_EMPTY_BODY = YES;
				CLANG_WARN_ENUM_CONVERSION = YES;
				CLANG_WARN_INFINITE_RECURSION = YES;
				CLANG_WARN_INT_CONVERSION = YES;
				CLANG_WARN_NON_LITERAL_NULL_CONVERSION = YES;
				CLANG_WARN_OBJC_IMPLICIT_RETAIN_SELF = YES;
				CLANG_WARN_OBJC_LITERAL_CONVERSION = YES;
				CLANG_WARN_OBJC_ROOT_CLASS = YES_ERROR;
				CLANG_WARN_QUOTED_INCLUDE_IN_FRAMEWORK_HEADER = YES;
				CLANG_WARN_RANGE_LOOP_ANALYSIS = YES;
				CLANG_WARN_STRICT_PROTOTYPES = YES;
				CLANG_WARN_SUSPICIOUS_MOVE = YES;
				CLANG_WARN_UNGUARDED_AVAILABILITY = YES_AGGRESSIVE;
				CLANG_WARN_UNREACHABLE_CODE = YES;
				CLANG_WARN__DUPLICATE_METHOD_MATCH = YES;
				COPY_PHASE_STRIP = NO;
				DEBUG_INFORMATION_FORMAT = "dwarf-with-dsym";
				ENABLE_NS_ASSERTIONS = NO;
				ENABLE_STRICT_OBJC_MSGSEND = YES;
				GCC_C_LANGUAGE_STANDARD = gnu11;
				GCC_NO_COMMON_BLOCKS = YES;
				GCC_WARN_64_TO_32_BIT_CONVERSION = YES;
				GCC_WARN_ABOUT_RETURN_TYPE = YES_ERROR;
				GCC_WARN_UNDECLARED_SELECTOR = YES;
				GCC_WARN_UNINITIALIZED_AUTOS = YES_AGGRESSIVE;
				GCC_WARN_UNUSED_FUNCTION = YES;
				GCC_WARN_UNUSED_VARIABLE = YES;
				MACOSX_DEPLOYMENT_TARGET = 12.1;
				MTL_ENABLE_DEBUG_INFO = NO;
				MTL_FAST_MATH = YES;
				SDKROOT = macosx;
				SWIFT_COMPILATION_MODE = wholemodule;
				SWIFT_OPTIMIZATION_LEVEL = "-O";
			};
			name = Release;
		};
		BF96D91627D60A9A004DBBAF /* Debug */ = {
			isa = XCBuildConfiguration;
			buildSettings = {
				CLANG_ENABLE_MODULES = YES;
				CODE_SIGN_STYLE = Automatic;
				DEVELOPMENT_TEAM = KB3R84Q4BQ;
				ENABLE_HARDENED_RUNTIME = YES;
				LD_RUNPATH_SEARCH_PATHS = (
					"$(inherited)",
					"@executable_path/../Frameworks",
					"@loader_path/../Frameworks",
				);
				PRODUCT_NAME = "$(TARGET_NAME)";
				SWIFT_OPTIMIZATION_LEVEL = "-Onone";
				SWIFT_VERSION = 5.0;
			};
			name = Debug;
		};
		BF96D91727D60A9A004DBBAF /* Release */ = {
			isa = XCBuildConfiguration;
			buildSettings = {
				CLANG_ENABLE_MODULES = YES;
				CODE_SIGN_STYLE = Automatic;
				DEVELOPMENT_TEAM = KB3R84Q4BQ;
				ENABLE_HARDENED_RUNTIME = YES;
				LD_RUNPATH_SEARCH_PATHS = (
					"$(inherited)",
					"@executable_path/../Frameworks",
					"@loader_path/../Frameworks",
				);
				PRODUCT_NAME = "$(TARGET_NAME)";
				SWIFT_VERSION = 5.0;
			};
			name = Release;
		};
/* End XCBuildConfiguration section */

/* Begin XCConfigurationList section */
		BF96D90927D60A9A004DBBAF /* Build configuration list for PBXProject "BaekJoonSwift" */ = {
			isa = XCConfigurationList;
			buildConfigurations = (
				BF96D91327D60A9A004DBBAF /* Debug */,
				BF96D91427D60A9A004DBBAF /* Release */,
			);
			defaultConfigurationIsVisible = 0;
			defaultConfigurationName = Release;
		};
		BF96D91527D60A9A004DBBAF /* Build configuration list for PBXNativeTarget "BaekJoonSwift" */ = {
			isa = XCConfigurationList;
			buildConfigurations = (
				BF96D91627D60A9A004DBBAF /* Debug */,
				BF96D91727D60A9A004DBBAF /* Release */,
			);
			defaultConfigurationIsVisible = 0;
			defaultConfigurationName = Release;
		};
/* End XCConfigurationList section */
	};
	rootObject = BF96D90627D60A9A004DBBAF /* Project object */;
}
