// !$*UTF8*$!
{
	archiveVersion = 1;
	classes = {
	};
	objectVersion = 55;
	objects = {

/* Begin PBXBuildFile section */
		BF32D41C27E1DE8300AB23F2 /* 4948 (unsolved).swift in Sources */ = {isa = PBXBuildFile; fileRef = BF32D41B27E1DE8300AB23F2 /* 4948 (unsolved).swift */; };
/* End PBXBuildFile section */

/* Begin PBXCopyFilesBuildPhase section */
		BF96D90C27D60A9A004DBBAF /* CopyFiles */ = {
			isa = PBXCopyFilesBuildPhase;
			buildActionMask = 2147483647;
			dstPath = /usr/share/man/man1/;
			dstSubfolderSpec = 0;
			files = (
			);
			runOnlyForDeploymentPostprocessing = 1;
		};
/* End PBXCopyFilesBuildPhase section */

/* Begin PBXFileReference section */
		BF002AE128347E0400077422 /* 10816.swift */ = {isa = PBXFileReference; lastKnownFileType = sourcecode.swift; path = 10816.swift; sourceTree = "<group>"; };
		BF045E2C28421ADF005C1990 /* 12015.swift */ = {isa = PBXFileReference; lastKnownFileType = sourcecode.swift; path = 12015.swift; sourceTree = "<group>"; };
		BF067FB82805D8C1001A0577 /* 2609.swift */ = {isa = PBXFileReference; lastKnownFileType = sourcecode.swift; path = 2609.swift; sourceTree = "<group>"; };
		BF09E35528CC502D00B12DD1 /* 25501.swift */ = {isa = PBXFileReference; lastKnownFileType = sourcecode.swift; path = 25501.swift; sourceTree = "<group>"; };
		BF0A1E8B2812C04700EE7EA1 /* 15650.swift */ = {isa = PBXFileReference; lastKnownFileType = sourcecode.swift; path = 15650.swift; sourceTree = "<group>"; };
		BF12006527E574BA00F9BF98 /* 2798.swift */ = {isa = PBXFileReference; lastKnownFileType = sourcecode.swift; path = 2798.swift; sourceTree = "<group>"; };
		BF12006727E82E3700F9BF98 /* 2231.swift */ = {isa = PBXFileReference; lastKnownFileType = sourcecode.swift; path = 2231.swift; sourceTree = "<group>"; };
		BF12006927E98E7100F9BF98 /* 7568.swift */ = {isa = PBXFileReference; lastKnownFileType = sourcecode.swift; path = 7568.swift; sourceTree = "<group>"; };
		BF12AF67288266CE009B984A /* 11725.swift */ = {isa = PBXFileReference; lastKnownFileType = sourcecode.swift; path = 11725.swift; sourceTree = "<group>"; };
		BF16984F27F2D5C300594A43 /* 9663.swift */ = {isa = PBXFileReference; lastKnownFileType = sourcecode.swift; path = 9663.swift; sourceTree = "<group>"; };
		BF1F481E28524D5C009760B2 /* 24416.swift */ = {isa = PBXFileReference; lastKnownFileType = sourcecode.swift; path = 24416.swift; sourceTree = "<group>"; };
		BF1FF1AB27ED57DF000DEDB2 /* 1427.swift */ = {isa = PBXFileReference; lastKnownFileType = sourcecode.swift; path = 1427.swift; sourceTree = "<group>"; };
		BF1FF1AD27ED5A02000DEDB2 /* 11650.swift */ = {isa = PBXFileReference; lastKnownFileType = sourcecode.swift; path = 11650.swift; sourceTree = "<group>"; };
		BF1FF1AF27EED030000DEDB2 /* 11651.swift */ = {isa = PBXFileReference; lastKnownFileType = sourcecode.swift; path = 11651.swift; sourceTree = "<group>"; };
		BF1FFA4B28CD70380016E0EC /* 24060.swift */ = {isa = PBXFileReference; lastKnownFileType = sourcecode.swift; path = 24060.swift; sourceTree = "<group>"; };
		BF223C7827F8145E0089507A /* 1463.swift */ = {isa = PBXFileReference; lastKnownFileType = sourcecode.swift; path = 1463.swift; sourceTree = "<group>"; };
		BF223C7A27F816530089507A /* 10844.swift */ = {isa = PBXFileReference; lastKnownFileType = sourcecode.swift; path = 10844.swift; sourceTree = "<group>"; };
		BF223C7C27F95C6F0089507A /* 2156.swift */ = {isa = PBXFileReference; lastKnownFileType = sourcecode.swift; path = 2156.swift; sourceTree = "<group>"; };
		BF223C7E27FAA2C30089507A /* 11053.swift */ = {isa = PBXFileReference; lastKnownFileType = sourcecode.swift; path = 11053.swift; sourceTree = "<group>"; };
		BF223C8027FABF710089507A /* 11054.swift */ = {isa = PBXFileReference; lastKnownFileType = sourcecode.swift; path = 11054.swift; sourceTree = "<group>"; };
		BF2A5E1028119AD40097A337 /* 15649.swift */ = {isa = PBXFileReference; lastKnownFileType = sourcecode.swift; path = 15649.swift; sourceTree = "<group>"; };
		BF2B5F61285CE06B0041E1F3 /* 7562.swift */ = {isa = PBXFileReference; lastKnownFileType = sourcecode.swift; path = 7562.swift; sourceTree = "<group>"; };
		BF2B5F64285CE76C0041E1F3 /* 1753 TimeOver.swift */ = {isa = PBXFileReference; lastKnownFileType = sourcecode.swift; path = "1753 TimeOver.swift"; sourceTree = "<group>"; };
		BF2B5F66285ECD0A0041E1F3 /* 16928.swift */ = {isa = PBXFileReference; lastKnownFileType = sourcecode.swift; path = 16928.swift; sourceTree = "<group>"; };
		BF2B5F68285F805F0041E1F3 /* 7569.swift */ = {isa = PBXFileReference; lastKnownFileType = sourcecode.swift; path = 7569.swift; sourceTree = "<group>"; };
		BF2B5F6B286474F50041E1F3 /* 12852.swift */ = {isa = PBXFileReference; lastKnownFileType = sourcecode.swift; path = 12852.swift; sourceTree = "<group>"; };
		BF326AA8282B57F000F1DE1C /* 1920.swift */ = {isa = PBXFileReference; lastKnownFileType = sourcecode.swift; path = 1920.swift; sourceTree = "<group>"; };
		BF327CA327FFE2FC00B7A8C7 /* 1912.swift */ = {isa = PBXFileReference; lastKnownFileType = sourcecode.swift; path = 1912.swift; sourceTree = "<group>"; };
		BF327CA527FFE89900B7A8C7 /* 12865 ( time over ).swift */ = {isa = PBXFileReference; lastKnownFileType = sourcecode.swift; path = "12865 ( time over ).swift"; sourceTree = "<group>"; };
		BF32D41527E1CF9200AB23F2 /* 2581.swift */ = {isa = PBXFileReference; lastKnownFileType = sourcecode.swift; path = 2581.swift; sourceTree = "<group>"; };
		BF32D41727E1DD8B00AB23F2 /* 11653.swift */ = {isa = PBXFileReference; lastKnownFileType = sourcecode.swift; path = 11653.swift; sourceTree = "<group>"; };
		BF32D41927E1DE1200AB23F2 /* 1929.swift */ = {isa = PBXFileReference; lastKnownFileType = sourcecode.swift; path = 1929.swift; sourceTree = "<group>"; };
		BF32D41B27E1DE8300AB23F2 /* 4948 (unsolved).swift */ = {isa = PBXFileReference; lastKnownFileType = sourcecode.swift; path = "4948 (unsolved).swift"; sourceTree = "<group>"; };
		BF32D41D27E1DF1800AB23F2 /* 9020.swift */ = {isa = PBXFileReference; lastKnownFileType = sourcecode.swift; path = 9020.swift; sourceTree = "<group>"; };
		BF32D41F27E240B900AB23F2 /* 1085.swift */ = {isa = PBXFileReference; lastKnownFileType = sourcecode.swift; path = 1085.swift; sourceTree = "<group>"; };
		BF32D42127E241B800AB23F2 /* 3009.swift */ = {isa = PBXFileReference; lastKnownFileType = sourcecode.swift; path = 3009.swift; sourceTree = "<group>"; };
		BF32D42327E2433D00AB23F2 /* 4153.swift */ = {isa = PBXFileReference; lastKnownFileType = sourcecode.swift; path = 4153.swift; sourceTree = "<group>"; };
		BF32D42527E245BE00AB23F2 /* 3053.swift */ = {isa = PBXFileReference; lastKnownFileType = sourcecode.swift; path = 3053.swift; sourceTree = "<group>"; };
		BF32D42727E246CA00AB23F2 /* 1002.swift */ = {isa = PBXFileReference; lastKnownFileType = sourcecode.swift; path = 1002.swift; sourceTree = "<group>"; };
		BF33EE6328013F2C00A547C4 /* 11047.swift */ = {isa = PBXFileReference; lastKnownFileType = sourcecode.swift; path = 11047.swift; sourceTree = "<group>"; };
		BF33EE65280140FA00A547C4 /* 1931.swift */ = {isa = PBXFileReference; lastKnownFileType = sourcecode.swift; path = 1931.swift; sourceTree = "<group>"; };
		BF38C5DE281413310035276F /* 15651.swift */ = {isa = PBXFileReference; lastKnownFileType = sourcecode.swift; path = 15651.swift; sourceTree = "<group>"; };
		BF395F1728AA0EA900C5F11F /* 3003.swift */ = {isa = PBXFileReference; lastKnownFileType = sourcecode.swift; path = 3003.swift; sourceTree = "<group>"; };
		BF395F1928AA0FB700C5F11F /* 25304.swift */ = {isa = PBXFileReference; lastKnownFileType = sourcecode.swift; path = 25304.swift; sourceTree = "<group>"; };
		BF395F1B28AA110E00C5F11F /* 25305.swift */ = {isa = PBXFileReference; lastKnownFileType = sourcecode.swift; path = 25305.swift; sourceTree = "<group>"; };
		BF3A585528156DE500F1434F /* 15652.swift */ = {isa = PBXFileReference; lastKnownFileType = sourcecode.swift; path = 15652.swift; sourceTree = "<group>"; };
		BF3C5B15281AA8B200EC8CFD /* 11660.swift */ = {isa = PBXFileReference; lastKnownFileType = sourcecode.swift; path = 11660.swift; sourceTree = "<group>"; };
		BF3E52DA2843C0BF0006D7CF /* 24479.swift */ = {isa = PBXFileReference; lastKnownFileType = sourcecode.swift; path = 24479.swift; sourceTree = "<group>"; };
		BF45CBE928F189DE00CD5543 /* 11066.swift */ = {isa = PBXFileReference; lastKnownFileType = sourcecode.swift; path = 11066.swift; sourceTree = "<group>"; };
		BF5590552823ECD2008F317E /* 18258(TimeOverUnsolvable).swift */ = {isa = PBXFileReference; lastKnownFileType = sourcecode.swift; path = "18258(TimeOverUnsolvable).swift"; sourceTree = "<group>"; };
		BF559057282409D3008F317E /* 2164.swift */ = {isa = PBXFileReference; lastKnownFileType = sourcecode.swift; path = 2164.swift; sourceTree = "<group>"; };
		BF566894280A54AE0024201E /* 11050.swift */ = {isa = PBXFileReference; lastKnownFileType = sourcecode.swift; path = 11050.swift; sourceTree = "<group>"; };
		BF585C01281130E500A5EE99 /* 2004.swift */ = {isa = PBXFileReference; lastKnownFileType = sourcecode.swift; path = 2004.swift; sourceTree = "<group>"; };
		BF5D794F280513110003BF04 /* 1037.swift */ = {isa = PBXFileReference; lastKnownFileType = sourcecode.swift; path = 1037.swift; sourceTree = "<group>"; };
		BF5E93D5282185FA0045BE9D /* 4949.swift */ = {isa = PBXFileReference; lastKnownFileType = sourcecode.swift; path = 4949.swift; sourceTree = "<group>"; };
		BF5E93D7282187D20045BE9D /* 1874.swift */ = {isa = PBXFileReference; lastKnownFileType = sourcecode.swift; path = 1874.swift; sourceTree = "<group>"; };
		BF5E93D928218C8B0045BE9D /* 17298.swift */ = {isa = PBXFileReference; lastKnownFileType = sourcecode.swift; path = 17298.swift; sourceTree = "<group>"; };
		BF647D82280456AF00485CC9 /* 5086.swift */ = {isa = PBXFileReference; lastKnownFileType = sourcecode.swift; path = 5086.swift; sourceTree = "<group>"; };
		BF6CFFDC27D7BD77001296DF /* 1330.swift */ = {isa = PBXFileReference; lastKnownFileType = sourcecode.swift; path = 1330.swift; sourceTree = "<group>"; };
		BF6CFFDE27D7BE03001296DF /* 9498.swift */ = {isa = PBXFileReference; lastKnownFileType = sourcecode.swift; path = 9498.swift; sourceTree = "<group>"; };
		BF6CFFE027D7BF63001296DF /* 2753.swift */ = {isa = PBXFileReference; lastKnownFileType = sourcecode.swift; path = 2753.swift; sourceTree = "<group>"; };
		BF6CFFE227D7BFFD001296DF /* 14681.swift */ = {isa = PBXFileReference; lastKnownFileType = sourcecode.swift; path = 14681.swift; sourceTree = "<group>"; };
		BF6CFFE427D7C0D8001296DF /* 2884.swift */ = {isa = PBXFileReference; lastKnownFileType = sourcecode.swift; path = 2884.swift; sourceTree = "<group>"; };
		BF6CFFE627D7C1C1001296DF /* 2525.swift */ = {isa = PBXFileReference; lastKnownFileType = sourcecode.swift; path = 2525.swift; sourceTree = "<group>"; };
		BF6CFFE827D7C294001296DF /* 2480.swift */ = {isa = PBXFileReference; lastKnownFileType = sourcecode.swift; path = 2480.swift; sourceTree = "<group>"; };
		BF6CFFEB27D7C4C0001296DF /* 2739.swift */ = {isa = PBXFileReference; lastKnownFileType = sourcecode.swift; path = 2739.swift; sourceTree = "<group>"; };
		BF6CFFED27D7C51F001296DF /* 10950.swift */ = {isa = PBXFileReference; lastKnownFileType = sourcecode.swift; path = 10950.swift; sourceTree = "<group>"; };
		BF6CFFEF27D7C5AB001296DF /* 8393.swift */ = {isa = PBXFileReference; lastKnownFileType = sourcecode.swift; path = 8393.swift; sourceTree = "<group>"; };
		BF6CFFF127D7C619001296DF /* 15552.swift */ = {isa = PBXFileReference; lastKnownFileType = sourcecode.swift; path = 15552.swift; sourceTree = "<group>"; };
		BF6CFFF327D7C730001296DF /* 2741.swift */ = {isa = PBXFileReference; lastKnownFileType = sourcecode.swift; path = 2741.swift; sourceTree = "<group>"; };
		BF6CFFF527D7C77A001296DF /* 2742.swift */ = {isa = PBXFileReference; lastKnownFileType = sourcecode.swift; path = 2742.swift; sourceTree = "<group>"; };
		BF6CFFF727D7C843001296DF /* 11021.swift */ = {isa = PBXFileReference; lastKnownFileType = sourcecode.swift; path = 11021.swift; sourceTree = "<group>"; };
		BF6CFFF927D7C8DF001296DF /* 11022.swift */ = {isa = PBXFileReference; lastKnownFileType = sourcecode.swift; path = 11022.swift; sourceTree = "<group>"; };
		BF6CFFFB27D7C95B001296DF /* 2438.swift */ = {isa = PBXFileReference; lastKnownFileType = sourcecode.swift; path = 2438.swift; sourceTree = "<group>"; };
		BF6CFFFD27D7CA32001296DF /* 2439.swift */ = {isa = PBXFileReference; lastKnownFileType = sourcecode.swift; path = 2439.swift; sourceTree = "<group>"; };
		BF6CFFFF27D7CAE6001296DF /* 10871.swift */ = {isa = PBXFileReference; lastKnownFileType = sourcecode.swift; path = 10871.swift; sourceTree = "<group>"; };
		BF6DA0832880705D00177714 /* 20040.swift */ = {isa = PBXFileReference; lastKnownFileType = sourcecode.swift; path = 20040.swift; sourceTree = "<group>"; };
		BF702DEE2824D13A0046C6BE /* 10866.swift */ = {isa = PBXFileReference; lastKnownFileType = sourcecode.swift; path = 10866.swift; sourceTree = "<group>"; };
		BF702DF02824E6340046C6BE /* 1021.swift */ = {isa = PBXFileReference; lastKnownFileType = sourcecode.swift; path = 1021.swift; sourceTree = "<group>"; };
		BF702DF2282630240046C6BE /* 5430.swift */ = {isa = PBXFileReference; lastKnownFileType = sourcecode.swift; path = 5430.swift; sourceTree = "<group>"; };
		BF702DF82826BDDB0046C6BE /* 2630 (TimeOver).swift */ = {isa = PBXFileReference; lastKnownFileType = sourcecode.swift; path = "2630 (TimeOver).swift"; sourceTree = "<group>"; };
		BF702DFA2828A7380046C6BE /* 1629.swift */ = {isa = PBXFileReference; lastKnownFileType = sourcecode.swift; path = 1629.swift; sourceTree = "<group>"; };
		BF702DFC282A18EF0046C6BE /* 1992.swift */ = {isa = PBXFileReference; lastKnownFileType = sourcecode.swift; path = 1992.swift; sourceTree = "<group>"; };
		BF702DFE282A20440046C6BE /* 1780.swift */ = {isa = PBXFileReference; lastKnownFileType = sourcecode.swift; path = 1780.swift; sourceTree = "<group>"; };
		BF702E00282A28D20046C6BE /* 11401.swift */ = {isa = PBXFileReference; lastKnownFileType = sourcecode.swift; path = 11401.swift; sourceTree = "<group>"; };
		BF7C04D32843431C00D10EB2 /* 2178.swift */ = {isa = PBXFileReference; lastKnownFileType = sourcecode.swift; path = 2178.swift; sourceTree = "<group>"; };
		BF7D024A28EEDF570066359D /* 11049.swift */ = {isa = PBXFileReference; lastKnownFileType = sourcecode.swift; path = 11049.swift; sourceTree = "<group>"; };
		BF7EA705284BAC3C00BE0B4A /* 1269.swift */ = {isa = PBXFileReference; lastKnownFileType = sourcecode.swift; path = 1269.swift; sourceTree = "<group>"; };
		BF7EA707284BAD1E00BE0B4A /* 11478.swift */ = {isa = PBXFileReference; lastKnownFileType = sourcecode.swift; path = 11478.swift; sourceTree = "<group>"; };
		BF87B8A728EFB845004A9052 /* 10942.swift */ = {isa = PBXFileReference; lastKnownFileType = sourcecode.swift; path = 10942.swift; sourceTree = "<group>"; };
		BF87EF2627EADB8E00A2EB0C /* 1018.swift */ = {isa = PBXFileReference; lastKnownFileType = sourcecode.swift; path = 1018.swift; sourceTree = "<group>"; };
		BF87EF2827EAEC3C00A2EB0C /* 1436.swift */ = {isa = PBXFileReference; lastKnownFileType = sourcecode.swift; path = 1436.swift; sourceTree = "<group>"; };
		BF87EF2B27EAFAD800A2EB0C /* 2750.swift */ = {isa = PBXFileReference; lastKnownFileType = sourcecode.swift; path = 2750.swift; sourceTree = "<group>"; };
		BF87EF2D27EAFB5A00A2EB0C /* 2751.swift */ = {isa = PBXFileReference; lastKnownFileType = sourcecode.swift; path = 2751.swift; sourceTree = "<group>"; };
		BF87EF2F27EB17FE00A2EB0C /* 10989.swift */ = {isa = PBXFileReference; lastKnownFileType = sourcecode.swift; path = 10989.swift; sourceTree = "<group>"; };
		BF87EF3127EC174600A2EB0C /* 2108.swift */ = {isa = PBXFileReference; lastKnownFileType = sourcecode.swift; path = 2108.swift; sourceTree = "<group>"; };
		BF90EC6B2848C96300ED9BD4 /* 10815.swift */ = {isa = PBXFileReference; lastKnownFileType = sourcecode.swift; path = 10815.swift; sourceTree = "<group>"; };
		BF90EC6D2848CA7D00ED9BD4 /* 14425.swift */ = {isa = PBXFileReference; lastKnownFileType = sourcecode.swift; path = 14425.swift; sourceTree = "<group>"; };
		BF90EC6F2848CB7800ED9BD4 /* 1620.swift */ = {isa = PBXFileReference; lastKnownFileType = sourcecode.swift; path = 1620.swift; sourceTree = "<group>"; };
		BF90EC712848CE1B00ED9BD4 /* 1764.swift */ = {isa = PBXFileReference; lastKnownFileType = sourcecode.swift; path = 1764.swift; sourceTree = "<group>"; };
		BF9276362806F5B9006D695A /* 1934.swift */ = {isa = PBXFileReference; lastKnownFileType = sourcecode.swift; path = 1934.swift; sourceTree = "<group>"; };
		BF92763828088516006D695A /* 3036.swift */ = {isa = PBXFileReference; lastKnownFileType = sourcecode.swift; path = 3036.swift; sourceTree = "<group>"; };
		BF92763A28088760006D695A /* 2981 ( time over ).swift */ = {isa = PBXFileReference; lastKnownFileType = sourcecode.swift; path = "2981 ( time over ).swift"; sourceTree = "<group>"; };
		BF940E63280C73460045CA4E /* 11051.swift */ = {isa = PBXFileReference; lastKnownFileType = sourcecode.swift; path = 11051.swift; sourceTree = "<group>"; };
		BF96514A2877400900B47E94 /* 1697.swift */ = {isa = PBXFileReference; lastKnownFileType = sourcecode.swift; path = 1697.swift; sourceTree = "<group>"; };
		BF96D90E27D60A9A004DBBAF /* BaekJoonSwift */ = {isa = PBXFileReference; explicitFileType = "compiled.mach-o.executable"; includeInIndex = 0; path = BaekJoonSwift; sourceTree = BUILT_PRODUCTS_DIR; };
		BF96D91127D60A9A004DBBAF /* 2557.swift */ = {isa = PBXFileReference; lastKnownFileType = sourcecode.swift; path = 2557.swift; sourceTree = "<group>"; };
		BF96D91927D60B3F004DBBAF /* 10718.swift */ = {isa = PBXFileReference; lastKnownFileType = sourcecode.swift; path = 10718.swift; sourceTree = "<group>"; };
		BF96D91E27D60C4E004DBBAF /* 10171.swift */ = {isa = PBXFileReference; lastKnownFileType = sourcecode.swift; path = 10171.swift; sourceTree = "<group>"; };
		BF96D92027D6E258004DBBAF /* 10172.swift */ = {isa = PBXFileReference; lastKnownFileType = sourcecode.swift; path = 10172.swift; sourceTree = "<group>"; };
		BF96D92227D6E3E0004DBBAF /* 1000.swift */ = {isa = PBXFileReference; lastKnownFileType = sourcecode.swift; path = 1000.swift; sourceTree = "<group>"; };
		BF96D92427D6E53F004DBBAF /* 1001.swift */ = {isa = PBXFileReference; lastKnownFileType = sourcecode.swift; path = 1001.swift; sourceTree = "<group>"; };
		BF96D92627D6E79F004DBBAF /* 10998.swift */ = {isa = PBXFileReference; lastKnownFileType = sourcecode.swift; path = 10998.swift; sourceTree = "<group>"; };
		BF96D92827D6E844004DBBAF /* 1008.swift */ = {isa = PBXFileReference; lastKnownFileType = sourcecode.swift; path = 1008.swift; sourceTree = "<group>"; };
		BF96D92A27D6E8CD004DBBAF /* 10869.swift */ = {isa = PBXFileReference; lastKnownFileType = sourcecode.swift; path = 10869.swift; sourceTree = "<group>"; };
		BF96D92C27D6E9B5004DBBAF /* 10926.swift */ = {isa = PBXFileReference; lastKnownFileType = sourcecode.swift; path = 10926.swift; sourceTree = "<group>"; };
		BF96D92E27D6EA30004DBBAF /* 18108.swift */ = {isa = PBXFileReference; lastKnownFileType = sourcecode.swift; path = 18108.swift; sourceTree = "<group>"; };
		BF96D93027D6EAE0004DBBAF /* 10430.swift */ = {isa = PBXFileReference; lastKnownFileType = sourcecode.swift; path = 10430.swift; sourceTree = "<group>"; };
		BF96D93227D6EB70004DBBAF /* 2588.swift */ = {isa = PBXFileReference; lastKnownFileType = sourcecode.swift; path = 2588.swift; sourceTree = "<group>"; };
		BF9766872816A2C8009E119E /* 14888.swift */ = {isa = PBXFileReference; lastKnownFileType = sourcecode.swift; path = 14888.swift; sourceTree = "<group>"; };
		BF97668A2816F5FC009E119E /* 11659.swift */ = {isa = PBXFileReference; lastKnownFileType = sourcecode.swift; path = 11659.swift; sourceTree = "<group>"; };
		BF997A80287D70F100242B46 /* 1976.swift */ = {isa = PBXFileReference; lastKnownFileType = sourcecode.swift; path = 1976.swift; sourceTree = "<group>"; };
		BF997A83287EC62800242B46 /* 4195.swift */ = {isa = PBXFileReference; lastKnownFileType = sourcecode.swift; path = 4195.swift; sourceTree = "<group>"; };
		BF9C3FB727DC35D2005711D7 /* 1152.swift */ = {isa = PBXFileReference; lastKnownFileType = sourcecode.swift; path = 1152.swift; sourceTree = "<group>"; };
		BF9C3FB927DC3635005711D7 /* 2908.swift */ = {isa = PBXFileReference; lastKnownFileType = sourcecode.swift; path = 2908.swift; sourceTree = "<group>"; };
		BF9C3FBB27DC36CB005711D7 /* 5622.swift */ = {isa = PBXFileReference; lastKnownFileType = sourcecode.swift; path = 5622.swift; sourceTree = "<group>"; };
		BF9C3FBD27DC3C8E005711D7 /* 2941.swift */ = {isa = PBXFileReference; lastKnownFileType = sourcecode.swift; path = 2941.swift; sourceTree = "<group>"; };
		BF9C3FBF27DC3D9B005711D7 /* 1316.swift */ = {isa = PBXFileReference; lastKnownFileType = sourcecode.swift; path = 1316.swift; sourceTree = "<group>"; };
		BF9C3FC227DCA1F6005711D7 /* 1712.swift */ = {isa = PBXFileReference; lastKnownFileType = sourcecode.swift; path = 1712.swift; sourceTree = "<group>"; };
		BF9C3FC427DCA41F005711D7 /* 2292.swift */ = {isa = PBXFileReference; lastKnownFileType = sourcecode.swift; path = 2292.swift; sourceTree = "<group>"; };
		BF9C3FC627DCA642005711D7 /* 1193.swift */ = {isa = PBXFileReference; lastKnownFileType = sourcecode.swift; path = 1193.swift; sourceTree = "<group>"; };
		BF9C3FC827DD0F10005711D7 /* 2869.swift */ = {isa = PBXFileReference; lastKnownFileType = sourcecode.swift; path = 2869.swift; sourceTree = "<group>"; };
		BF9C3FCA27DD1221005711D7 /* 10250.swift */ = {isa = PBXFileReference; lastKnownFileType = sourcecode.swift; path = 10250.swift; sourceTree = "<group>"; };
		BF9C3FCC27DF4F72005711D7 /* 2775.swift */ = {isa = PBXFileReference; lastKnownFileType = sourcecode.swift; path = 2775.swift; sourceTree = "<group>"; };
		BF9C3FCE27DF9A45005711D7 /* 2839.swift */ = {isa = PBXFileReference; lastKnownFileType = sourcecode.swift; path = 2839.swift; sourceTree = "<group>"; };
		BF9C3FD027DF9D83005711D7 /* 10757 (unsolved).swift */ = {isa = PBXFileReference; lastKnownFileType = sourcecode.swift; path = "10757 (unsolved).swift"; sourceTree = "<group>"; };
		BF9D315F27F575A4004386F9 /* 9184.swift */ = {isa = PBXFileReference; lastKnownFileType = sourcecode.swift; path = 9184.swift; sourceTree = "<group>"; };
		BF9D316127F5CBE2004386F9 /* 1904.swift */ = {isa = PBXFileReference; lastKnownFileType = sourcecode.swift; path = 1904.swift; sourceTree = "<group>"; };
		BF9D316327F5CE44004386F9 /* 9461.swift */ = {isa = PBXFileReference; lastKnownFileType = sourcecode.swift; path = 9461.swift; sourceTree = "<group>"; };
		BF9D316527F5D11E004386F9 /* 1149.swift */ = {isa = PBXFileReference; lastKnownFileType = sourcecode.swift; path = 1149.swift; sourceTree = "<group>"; };
		BF9D316727F5D5B0004386F9 /* 1932.swift */ = {isa = PBXFileReference; lastKnownFileType = sourcecode.swift; path = 1932.swift; sourceTree = "<group>"; };
		BF9D316927F68364004386F9 /* 2579.swift */ = {isa = PBXFileReference; lastKnownFileType = sourcecode.swift; path = 2579.swift; sourceTree = "<group>"; };
		BF9F916E284861130015B7A1 /* 25083.swift */ = {isa = PBXFileReference; lastKnownFileType = sourcecode.swift; path = 25083.swift; sourceTree = "<group>"; };
		BFA16E51280D74FE00D90284 /* 1010.swift */ = {isa = PBXFileReference; lastKnownFileType = sourcecode.swift; path = 1010.swift; sourceTree = "<group>"; };
		BFA478BD27F192DD00428655 /* 15652.swift */ = {isa = PBXFileReference; lastKnownFileType = sourcecode.swift; path = 15652.swift; sourceTree = "<group>"; };
		BFA47ABC28476BE300BF283F /* 17478.swift */ = {isa = PBXFileReference; lastKnownFileType = sourcecode.swift; path = 17478.swift; sourceTree = "<group>"; };
		BFAA5BD12845C19F002EF510 /* 24480.swift */ = {isa = PBXFileReference; lastKnownFileType = sourcecode.swift; path = 24480.swift; sourceTree = "<group>"; };
		BFAA5BD32845C4AD002EF510 /* 24444.swift */ = {isa = PBXFileReference; lastKnownFileType = sourcecode.swift; path = 24444.swift; sourceTree = "<group>"; };
		BFAB5C4427E38D3F00F83289 /* 10872.swift */ = {isa = PBXFileReference; lastKnownFileType = sourcecode.swift; path = 10872.swift; sourceTree = "<group>"; };
		BFAB5C4627E38E0900F83289 /* 10870.swift */ = {isa = PBXFileReference; lastKnownFileType = sourcecode.swift; path = 10870.swift; sourceTree = "<group>"; };
		BFAB5C4827E38E9800F83289 /* 2447 (unsolved).swift */ = {isa = PBXFileReference; lastKnownFileType = sourcecode.swift; path = "2447 (unsolved).swift"; sourceTree = "<group>"; };
		BFAB5C4A27E392EE00F83289 /* 11729.swift */ = {isa = PBXFileReference; lastKnownFileType = sourcecode.swift; path = 11729.swift; sourceTree = "<group>"; };
		BFAEF6B82836441E00C9A311 /* 1654.swift */ = {isa = PBXFileReference; lastKnownFileType = sourcecode.swift; path = 1654.swift; sourceTree = "<group>"; };
		BFB3CAE02819932C0042F719 /* 10986.swift */ = {isa = PBXFileReference; lastKnownFileType = sourcecode.swift; path = 10986.swift; sourceTree = "<group>"; };
		BFB73AE227E0E3E600CA881F /* 1978.swift */ = {isa = PBXFileReference; lastKnownFileType = sourcecode.swift; path = 1978.swift; sourceTree = "<group>"; };
		BFB7F00B2871867B00DF849E /* 1717.swift */ = {isa = PBXFileReference; lastKnownFileType = sourcecode.swift; path = 1717.swift; sourceTree = "<group>"; };
		BFC0D3E4283A981D004E1105 /* 2805.swift */ = {isa = PBXFileReference; lastKnownFileType = sourcecode.swift; path = 2805.swift; sourceTree = "<group>"; };
		BFC0D3E6283D9869004E1105 /* 2110.swift */ = {isa = PBXFileReference; lastKnownFileType = sourcecode.swift; path = 2110.swift; sourceTree = "<group>"; };
		BFC0D3E8283D9EF4004E1105 /* 1300.swift */ = {isa = PBXFileReference; lastKnownFileType = sourcecode.swift; path = 1300.swift; sourceTree = "<group>"; };
		BFC4CC4427F042AF00CB7329 /* 1181.swift */ = {isa = PBXFileReference; lastKnownFileType = sourcecode.swift; path = 1181.swift; sourceTree = "<group>"; };
		BFC4CC4627F0456000CB7329 /* 10814.swift */ = {isa = PBXFileReference; lastKnownFileType = sourcecode.swift; path = 10814.swift; sourceTree = "<group>"; };
		BFC4CC4827F0487900CB7329 /* 18870.swift */ = {isa = PBXFileReference; lastKnownFileType = sourcecode.swift; path = 18870.swift; sourceTree = "<group>"; };
		BFC4CC4B27F1658D00CB7329 /* 15649.swift */ = {isa = PBXFileReference; lastKnownFileType = sourcecode.swift; path = 15649.swift; sourceTree = "<group>"; };
		BFC4CC4D27F16BAD00CB7329 /* 15650.swift */ = {isa = PBXFileReference; lastKnownFileType = sourcecode.swift; path = 15650.swift; sourceTree = "<group>"; };
		BFC4CC4F27F1845100CB7329 /* 15651.swift */ = {isa = PBXFileReference; lastKnownFileType = sourcecode.swift; path = 15651.swift; sourceTree = "<group>"; };
		BFC6F22A2824A6260002521B /* 11866.swift */ = {isa = PBXFileReference; lastKnownFileType = sourcecode.swift; path = 11866.swift; sourceTree = "<group>"; };
		BFC6F22C2824A8670002521B /* 1966.swift */ = {isa = PBXFileReference; lastKnownFileType = sourcecode.swift; path = 1966.swift; sourceTree = "<group>"; };
		BFC7184E281842DD00CDEB04 /* 2559.swift */ = {isa = PBXFileReference; lastKnownFileType = sourcecode.swift; path = 2559.swift; sourceTree = "<group>"; };
		BFC71850281844DA00CDEB04 /* 16139.swift */ = {isa = PBXFileReference; lastKnownFileType = sourcecode.swift; path = 16139.swift; sourceTree = "<group>"; };
		BFCC449F27F341CC00AB1257 /* 14888.swift */ = {isa = PBXFileReference; lastKnownFileType = sourcecode.swift; path = 14888.swift; sourceTree = "<group>"; };
		BFCC44A127F346C300AB1257 /* 14889.swift */ = {isa = PBXFileReference; lastKnownFileType = sourcecode.swift; path = 14889.swift; sourceTree = "<group>"; };
		BFCC44A427F4160700AB1257 /* 1003.swift */ = {isa = PBXFileReference; lastKnownFileType = sourcecode.swift; path = 1003.swift; sourceTree = "<group>"; };
		BFCCECF5281D1A2C001B3EB6 /* 13305.swift */ = {isa = PBXFileReference; lastKnownFileType = sourcecode.swift; path = 13305.swift; sourceTree = "<group>"; };
		BFCCECF8281D86C6001B3EB6 /* 10828.swift */ = {isa = PBXFileReference; lastKnownFileType = sourcecode.swift; path = 10828.swift; sourceTree = "<group>"; };
		BFCE3DDA27D9EAF7004B1058 /* 10952.swift */ = {isa = PBXFileReference; lastKnownFileType = sourcecode.swift; path = 10952.swift; sourceTree = "<group>"; };
		BFCE3DDC27D9EC47004B1058 /* 10951.swift */ = {isa = PBXFileReference; lastKnownFileType = sourcecode.swift; path = 10951.swift; sourceTree = "<group>"; };
		BFCE3DDE27D9ED04004B1058 /* 1110.swift */ = {isa = PBXFileReference; lastKnownFileType = sourcecode.swift; path = 1110.swift; sourceTree = "<group>"; };
		BFCE3DE127DA2059004B1058 /* 10818.swift */ = {isa = PBXFileReference; lastKnownFileType = sourcecode.swift; path = 10818.swift; sourceTree = "<group>"; };
		BFCE3DE327DA2112004B1058 /* 2562.swift */ = {isa = PBXFileReference; lastKnownFileType = sourcecode.swift; path = 2562.swift; sourceTree = "<group>"; };
		BFCE3DE527DA225F004B1058 /* 2577.swift */ = {isa = PBXFileReference; lastKnownFileType = sourcecode.swift; path = 2577.swift; sourceTree = "<group>"; };
		BFCE3DE727DA23A4004B1058 /* 3052.swift */ = {isa = PBXFileReference; lastKnownFileType = sourcecode.swift; path = 3052.swift; sourceTree = "<group>"; };
		BFCE3DE927DA2491004B1058 /* 1546.swift */ = {isa = PBXFileReference; lastKnownFileType = sourcecode.swift; path = 1546.swift; sourceTree = "<group>"; };
		BFCE3DEB27DA265F004B1058 /* 8958.swift */ = {isa = PBXFileReference; lastKnownFileType = sourcecode.swift; path = 8958.swift; sourceTree = "<group>"; };
		BFCE3DED27DA28AC004B1058 /* 4344.swift */ = {isa = PBXFileReference; lastKnownFileType = sourcecode.swift; path = 4344.swift; sourceTree = "<group>"; };
		BFCE3DF027DAF6BC004B1058 /* 4673.swift */ = {isa = PBXFileReference; lastKnownFileType = sourcecode.swift; path = 4673.swift; sourceTree = "<group>"; };
		BFCE3DF227DAFC21004B1058 /* 1065.swift */ = {isa = PBXFileReference; lastKnownFileType = sourcecode.swift; path = 1065.swift; sourceTree = "<group>"; };
		BFCE3DF527DAFFA7004B1058 /* 11654.swift */ = {isa = PBXFileReference; lastKnownFileType = sourcecode.swift; path = 11654.swift; sourceTree = "<group>"; };
		BFCE3DF727DB006A004B1058 /* 11720.swift */ = {isa = PBXFileReference; lastKnownFileType = sourcecode.swift; path = 11720.swift; sourceTree = "<group>"; };
		BFCE3DF927DB77D3004B1058 /* 10809.swift */ = {isa = PBXFileReference; lastKnownFileType = sourcecode.swift; path = 10809.swift; sourceTree = "<group>"; };
		BFCE3DFB27DB79ED004B1058 /* 2675.swift */ = {isa = PBXFileReference; lastKnownFileType = sourcecode.swift; path = 2675.swift; sourceTree = "<group>"; };
		BFCE3DFD27DB7CD2004B1058 /* 1157.swift */ = {isa = PBXFileReference; lastKnownFileType = sourcecode.swift; path = 1157.swift; sourceTree = "<group>"; };
		BFCEE8CE27FB4283009F4AC6 /* 2565.swift */ = {isa = PBXFileReference; lastKnownFileType = sourcecode.swift; path = 2565.swift; sourceTree = "<group>"; };
		BFD024982856227000FC3C16 /* 1927.swift */ = {isa = PBXFileReference; lastKnownFileType = sourcecode.swift; path = 1927.swift; sourceTree = "<group>"; };
		BFD0249C2857926C00FC3C16 /* 2740.swift */ = {isa = PBXFileReference; lastKnownFileType = sourcecode.swift; path = 2740.swift; sourceTree = "<group>"; };
		BFD2754C286F41F900B0376E /* 9372.swift */ = {isa = PBXFileReference; lastKnownFileType = sourcecode.swift; path = 9372.swift; sourceTree = "<group>"; };
		BFD8B41A2855035E007163A7 /* 11279.swift */ = {isa = PBXFileReference; lastKnownFileType = sourcecode.swift; path = 11279.swift; sourceTree = "<group>"; };
		BFDD6424284E5DBC00E91426 /* 1358.swift */ = {isa = PBXFileReference; lastKnownFileType = sourcecode.swift; path = 1358.swift; sourceTree = "<group>"; };
		BFEB0672281F8D380060DB0A /* 10773.swift */ = {isa = PBXFileReference; lastKnownFileType = sourcecode.swift; path = 10773.swift; sourceTree = "<group>"; };
		BFED10812821272800239A6A /* 9012.swift */ = {isa = PBXFileReference; lastKnownFileType = sourcecode.swift; path = 9012.swift; sourceTree = "<group>"; };
		BFED58FD284740440003B42C /* 2667.swift */ = {isa = PBXFileReference; lastKnownFileType = sourcecode.swift; path = 2667.swift; sourceTree = "<group>"; };
		BFED58FF28475BAF0003B42C /* 1012.swift */ = {isa = PBXFileReference; lastKnownFileType = sourcecode.swift; path = 1012.swift; sourceTree = "<group>"; };
		BFED590128475F5C0003B42C /* 24445.swift */ = {isa = PBXFileReference; lastKnownFileType = sourcecode.swift; path = 24445.swift; sourceTree = "<group>"; };
		BFF4D89B27FED775002AA7F3 /* 9251 (time over).swift */ = {isa = PBXFileReference; lastKnownFileType = sourcecode.swift; path = "9251 (time over).swift"; sourceTree = "<group>"; };
		BFFC563C280EE2BF007EEC65 /* 9375.swift */ = {isa = PBXFileReference; lastKnownFileType = sourcecode.swift; path = 9375.swift; sourceTree = "<group>"; };
		BFFC563E280F10F2007EEC65 /* 1676.swift */ = {isa = PBXFileReference; lastKnownFileType = sourcecode.swift; path = 1676.swift; sourceTree = "<group>"; };
		BFFE4C122802354500D40BB1 /* 11399.swift */ = {isa = PBXFileReference; lastKnownFileType = sourcecode.swift; path = 11399.swift; sourceTree = "<group>"; };
		BFFE4C142802363600D40BB1 /* 1541.swift */ = {isa = PBXFileReference; lastKnownFileType = sourcecode.swift; path = 1541.swift; sourceTree = "<group>"; };
/* End PBXFileReference section */

/* Begin PBXFrameworksBuildPhase section */
		BF96D90B27D60A9A004DBBAF /* Frameworks */ = {
			isa = PBXFrameworksBuildPhase;
			buildActionMask = 2147483647;
			files = (
			);
			runOnlyForDeploymentPostprocessing = 0;
		};
/* End PBXFrameworksBuildPhase section */

/* Begin PBXGroup section */
		BF12006427E574AD00F9BF98 /* Bruth Force */ = {
			isa = PBXGroup;
			children = (
				BF12006527E574BA00F9BF98 /* 2798.swift */,
				BF12006727E82E3700F9BF98 /* 2231.swift */,
				BF12006927E98E7100F9BF98 /* 7568.swift */,
				BF87EF2627EADB8E00A2EB0C /* 1018.swift */,
				BF87EF2827EAEC3C00A2EB0C /* 1436.swift */,
			);
			path = "Bruth Force";
			sourceTree = "<group>";
		};
		BF12AF66288266C6009B984A /* Tree */ = {
			isa = PBXGroup;
			children = (
				BF12AF67288266CE009B984A /* 11725.swift */,
			);
			path = Tree;
			sourceTree = "<group>";
		};
		BF2A5E0F28119ACD0097A337 /* BackTracking */ = {
			isa = PBXGroup;
			children = (
				BF2A5E1028119AD40097A337 /* 15649.swift */,
				BF0A1E8B2812C04700EE7EA1 /* 15650.swift */,
				BF3A585528156DE500F1434F /* 15652.swift */,
				BF38C5DE281413310035276F /* 15651.swift */,
				BF9766872816A2C8009E119E /* 14888.swift */,
			);
			path = BackTracking;
			sourceTree = "<group>";
		};
		BF2B5F63285CE7640041E1F3 /* Shortest Path */ = {
			isa = PBXGroup;
			children = (
				BF2B5F64285CE76C0041E1F3 /* 1753 TimeOver.swift */,
			);
			path = "Shortest Path";
			sourceTree = "<group>";
		};
		BF2B5F6A286474EB0041E1F3 /* DP & Shortest Path */ = {
			isa = PBXGroup;
			children = (
				BF2B5F6B286474F50041E1F3 /* 12852.swift */,
			);
			path = "DP & Shortest Path";
			sourceTree = "<group>";
		};
		BF326AA7282B57E600F1DE1C /* Binary Search */ = {
			isa = PBXGroup;
			children = (
				BF326AA8282B57F000F1DE1C /* 1920.swift */,
				BFC0D3E6283D9869004E1105 /* 2110.swift */,
				BF002AE128347E0400077422 /* 10816.swift */,
				BFC0D3E4283A981D004E1105 /* 2805.swift */,
				BFC0D3E8283D9EF4004E1105 /* 1300.swift */,
				BFAEF6B82836441E00C9A311 /* 1654.swift */,
				BF045E2C28421ADF005C1990 /* 12015.swift */,
			);
			path = "Binary Search";
			sourceTree = "<group>";
		};
		BF33EE6228013F2000A547C4 /* Greedy */ = {
			isa = PBXGroup;
			children = (
				BF33EE6328013F2C00A547C4 /* 11047.swift */,
				BF33EE65280140FA00A547C4 /* 1931.swift */,
				BFFE4C122802354500D40BB1 /* 11399.swift */,
				BFFE4C142802363600D40BB1 /* 1541.swift */,
				BFCCECF5281D1A2C001B3EB6 /* 13305.swift */,
			);
			path = Greedy;
			sourceTree = "<group>";
		};
		BF5590542823ECCD008F317E /* Queue & Deque */ = {
			isa = PBXGroup;
			children = (
				BF5590552823ECD2008F317E /* 18258(TimeOverUnsolvable).swift */,
				BFC6F22A2824A6260002521B /* 11866.swift */,
				BFC6F22C2824A8670002521B /* 1966.swift */,
				BF702DF02824E6340046C6BE /* 1021.swift */,
				BF702DF2282630240046C6BE /* 5430.swift */,
				BF559057282409D3008F317E /* 2164.swift */,
				BF702DEE2824D13A0046C6BE /* 10866.swift */,
			);
			path = "Queue & Deque";
			sourceTree = "<group>";
		};
		BF647D812804569F00485CC9 /* Numbers and Combinations (1) */ = {
			isa = PBXGroup;
			children = (
				BF647D82280456AF00485CC9 /* 5086.swift */,
				BF5D794F280513110003BF04 /* 1037.swift */,
				BF9276362806F5B9006D695A /* 1934.swift */,
				BF92763A28088760006D695A /* 2981 ( time over ).swift */,
				BF585C01281130E500A5EE99 /* 2004.swift */,
				BFA16E51280D74FE00D90284 /* 1010.swift */,
				BFFC563C280EE2BF007EEC65 /* 9375.swift */,
				BFFC563E280F10F2007EEC65 /* 1676.swift */,
				BF92763828088516006D695A /* 3036.swift */,
				BF566894280A54AE0024201E /* 11050.swift */,
				BF940E63280C73460045CA4E /* 11051.swift */,
				BF067FB82805D8C1001A0577 /* 2609.swift */,
			);
			path = "Numbers and Combinations (1)";
			sourceTree = "<group>";
		};
		BF6CFFDB27D7BD65001296DF /* If */ = {
			isa = PBXGroup;
			children = (
				BF6CFFDC27D7BD77001296DF /* 1330.swift */,
				BF6CFFE227D7BFFD001296DF /* 14681.swift */,
				BF6CFFE427D7C0D8001296DF /* 2884.swift */,
				BF6CFFE627D7C1C1001296DF /* 2525.swift */,
				BF6CFFE827D7C294001296DF /* 2480.swift */,
				BF6CFFDE27D7BE03001296DF /* 9498.swift */,
				BF6CFFE027D7BF63001296DF /* 2753.swift */,
			);
			path = If;
			sourceTree = "<group>";
		};
		BF6CFFEA27D7C441001296DF /* for */ = {
			isa = PBXGroup;
			children = (
				BF6CFFEB27D7C4C0001296DF /* 2739.swift */,
				BF6CFFED27D7C51F001296DF /* 10950.swift */,
				BF6CFFEF27D7C5AB001296DF /* 8393.swift */,
				BF6CFFF127D7C619001296DF /* 15552.swift */,
				BF6CFFF327D7C730001296DF /* 2741.swift */,
				BF6CFFF527D7C77A001296DF /* 2742.swift */,
				BF6CFFF727D7C843001296DF /* 11021.swift */,
				BF6CFFF927D7C8DF001296DF /* 11022.swift */,
				BF6CFFFB27D7C95B001296DF /* 2438.swift */,
				BF6CFFFD27D7CA32001296DF /* 2439.swift */,
				BF6CFFFF27D7CAE6001296DF /* 10871.swift */,
				BF395F1928AA0FB700C5F11F /* 25304.swift */,
			);
			path = for;
			sourceTree = "<group>";
		};
		BF702DF72826BDD30046C6BE /* Divide & Conquer(2) */ = {
			isa = PBXGroup;
			children = (
				BF702DF82826BDDB0046C6BE /* 2630 (TimeOver).swift */,
				BF702DFC282A18EF0046C6BE /* 1992.swift */,
				BF702DFE282A20440046C6BE /* 1780.swift */,
				BF702E00282A28D20046C6BE /* 11401.swift */,
				BF702DFA2828A7380046C6BE /* 1629.swift */,
				BFD0249C2857926C00FC3C16 /* 2740.swift */,
			);
			path = "Divide & Conquer(2)";
			sourceTree = "<group>";
		};
		BF7C04D22843431000D10EB2 /* Graph */ = {
			isa = PBXGroup;
			children = (
				BF7C04D32843431C00D10EB2 /* 2178.swift */,
				BFAA5BD12845C19F002EF510 /* 24480.swift */,
				BF3E52DA2843C0BF0006D7CF /* 24479.swift */,
				BFAA5BD32845C4AD002EF510 /* 24444.swift */,
				BF2B5F61285CE06B0041E1F3 /* 7562.swift */,
				BFED590128475F5C0003B42C /* 24445.swift */,
				BFED58FD284740440003B42C /* 2667.swift */,
				BFED58FF28475BAF0003B42C /* 1012.swift */,
				BF2B5F66285ECD0A0041E1F3 /* 16928.swift */,
				BF2B5F68285F805F0041E1F3 /* 7569.swift */,
				BF96514A2877400900B47E94 /* 1697.swift */,
			);
			path = Graph;
			sourceTree = "<group>";
		};
		BF7D024928EEDF4C0066359D /* BackTracking2 */ = {
			isa = PBXGroup;
			children = (
				BF7D024A28EEDF570066359D /* 11049.swift */,
				BF87B8A728EFB845004A9052 /* 10942.swift */,
				BF45CBE928F189DE00CD5543 /* 11066.swift */,
			);
			path = BackTracking2;
			sourceTree = "<group>";
		};
		BF87EF2A27EAFACE00A2EB0C /* Sorting */ = {
			isa = PBXGroup;
			children = (
				BF87EF2B27EAFAD800A2EB0C /* 2750.swift */,
				BF87EF2D27EAFB5A00A2EB0C /* 2751.swift */,
				BF87EF2F27EB17FE00A2EB0C /* 10989.swift */,
				BF87EF3127EC174600A2EB0C /* 2108.swift */,
				BF1FF1AB27ED57DF000DEDB2 /* 1427.swift */,
				BFC4CC4427F042AF00CB7329 /* 1181.swift */,
				BFC4CC4627F0456000CB7329 /* 10814.swift */,
				BFC4CC4827F0487900CB7329 /* 18870.swift */,
				BF1FF1AF27EED030000DEDB2 /* 11651.swift */,
				BF1FF1AD27ED5A02000DEDB2 /* 11650.swift */,
				BF395F1B28AA110E00C5F11F /* 25305.swift */,
			);
			path = Sorting;
			sourceTree = "<group>";
		};
		BF90EC6A2848C95C00ED9BD4 /* Set & Map */ = {
			isa = PBXGroup;
			children = (
				BF90EC6B2848C96300ED9BD4 /* 10815.swift */,
				BF7EA705284BAC3C00BE0B4A /* 1269.swift */,
				BF90EC6D2848CA7D00ED9BD4 /* 14425.swift */,
				BF90EC6F2848CB7800ED9BD4 /* 1620.swift */,
				BF7EA707284BAD1E00BE0B4A /* 11478.swift */,
				BF90EC712848CE1B00ED9BD4 /* 1764.swift */,
			);
			path = "Set & Map";
			sourceTree = "<group>";
		};
		BF96D90527D60A9A004DBBAF = {
			isa = PBXGroup;
			children = (
				BF96D91027D60A9A004DBBAF /* BaekJoonSwift */,
				BF96D90F27D60A9A004DBBAF /* Products */,
			);
			sourceTree = "<group>";
		};
		BF96D90F27D60A9A004DBBAF /* Products */ = {
			isa = PBXGroup;
			children = (
				BF96D90E27D60A9A004DBBAF /* BaekJoonSwift */,
			);
			name = Products;
			sourceTree = "<group>";
		};
		BF96D91027D60A9A004DBBAF /* BaekJoonSwift */ = {
			isa = PBXGroup;
			children = (
				BF7D024928EEDF4C0066359D /* BackTracking2 */,
				BF12AF66288266C6009B984A /* Tree */,
				BF997A7F287D70E500242B46 /* Union Find */,
				BFD2754B286F41E300B0376E /* Minimum Spanning Tree */,
				BF2B5F6A286474EB0041E1F3 /* DP & Shortest Path */,
				BF2B5F63285CE7640041E1F3 /* Shortest Path */,
				BFD8B41928550337007163A7 /* Heap */,
				BFDD6423284E5DB200E91426 /* Geometry */,
				BF90EC6A2848C95C00ED9BD4 /* Set & Map */,
				BF7C04D22843431000D10EB2 /* Graph */,
				BF326AA7282B57E600F1DE1C /* Binary Search */,
				BF702DF72826BDD30046C6BE /* Divide & Conquer(2) */,
				BF5590542823ECCD008F317E /* Queue & Deque */,
				BFCCECF7281D86BF001B3EB6 /* Stack */,
				BF9766892816F5D4009E119E /* Summation */,
				BF2A5E0F28119ACD0097A337 /* BackTracking */,
				BF647D812804569F00485CC9 /* Numbers and Combinations (1) */,
				BF33EE6228013F2000A547C4 /* Greedy */,
				BFCC44A327F415D100AB1257 /* DP (2) */,
				BFC4CC4A27F1658400CB7329 /* BackTracking (4) */,
				BF87EF2A27EAFACE00A2EB0C /* Sorting */,
				BF12006427E574AD00F9BF98 /* Bruth Force */,
				BFAB5C4327E38D3700F83289 /* Recursive (1) */,
				BFB73AE127E0E3DD00CA881F /* Basic Math2 (1) */,
				BF9C3FC127DCA1C7005711D7 /* Basic Math (1) */,
				BFCE3DF427DAFF9F004B1058 /* String */,
				BFCE3DEF27DAF6B2004B1058 /* Function */,
				BFCE3DE027DA2047004B1058 /* Array */,
				BFCE3DD927D9EAE8004B1058 /* while */,
				BF6CFFEA27D7C441001296DF /* for */,
				BF6CFFDB27D7BD65001296DF /* If */,
				BF96D91827D60AAA004DBBAF /* IO and Operation */,
			);
			path = BaekJoonSwift;
			sourceTree = "<group>";
		};
		BF96D91827D60AAA004DBBAF /* IO and Operation */ = {
			isa = PBXGroup;
			children = (
				BF96D91E27D60C4E004DBBAF /* 10171.swift */,
				BF96D92027D6E258004DBBAF /* 10172.swift */,
				BF96D92227D6E3E0004DBBAF /* 1000.swift */,
				BF96D91127D60A9A004DBBAF /* 2557.swift */,
				BF96D91927D60B3F004DBBAF /* 10718.swift */,
				BF96D92427D6E53F004DBBAF /* 1001.swift */,
				BF96D92627D6E79F004DBBAF /* 10998.swift */,
				BF96D92827D6E844004DBBAF /* 1008.swift */,
				BF96D92A27D6E8CD004DBBAF /* 10869.swift */,
				BF96D92C27D6E9B5004DBBAF /* 10926.swift */,
				BF96D92E27D6EA30004DBBAF /* 18108.swift */,
				BF96D93027D6EAE0004DBBAF /* 10430.swift */,
				BF96D93227D6EB70004DBBAF /* 2588.swift */,
				BF9F916E284861130015B7A1 /* 25083.swift */,
				BF395F1728AA0EA900C5F11F /* 3003.swift */,
			);
			path = "IO and Operation";
			sourceTree = "<group>";
		};
		BF9766892816F5D4009E119E /* Summation */ = {
			isa = PBXGroup;
			children = (
				BF97668A2816F5FC009E119E /* 11659.swift */,
				BFC7184E281842DD00CDEB04 /* 2559.swift */,
				BFC71850281844DA00CDEB04 /* 16139.swift */,
				BFB3CAE02819932C0042F719 /* 10986.swift */,
				BF3C5B15281AA8B200EC8CFD /* 11660.swift */,
			);
			path = Summation;
			sourceTree = "<group>";
		};
		BF997A7F287D70E500242B46 /* Union Find */ = {
			isa = PBXGroup;
			children = (
				BFB7F00B2871867B00DF849E /* 1717.swift */,
				BF6DA0832880705D00177714 /* 20040.swift */,
				BF997A80287D70F100242B46 /* 1976.swift */,
				BF997A83287EC62800242B46 /* 4195.swift */,
			);
			path = "Union Find";
			sourceTree = "<group>";
		};
		BF9C3FC127DCA1C7005711D7 /* Basic Math (1) */ = {
			isa = PBXGroup;
			children = (
				BF9C3FCC27DF4F72005711D7 /* 2775.swift */,
				BF9C3FCE27DF9A45005711D7 /* 2839.swift */,
				BF9C3FC627DCA642005711D7 /* 1193.swift */,
				BF9C3FC827DD0F10005711D7 /* 2869.swift */,
				BF9C3FCA27DD1221005711D7 /* 10250.swift */,
				BF9C3FD027DF9D83005711D7 /* 10757 (unsolved).swift */,
				BF9C3FC227DCA1F6005711D7 /* 1712.swift */,
				BF9C3FC427DCA41F005711D7 /* 2292.swift */,
			);
			path = "Basic Math (1)";
			sourceTree = "<group>";
		};
		BFAB5C4327E38D3700F83289 /* Recursive (1) */ = {
			isa = PBXGroup;
			children = (
				BFAB5C4427E38D3F00F83289 /* 10872.swift */,
				BFAB5C4627E38E0900F83289 /* 10870.swift */,
				BF1FFA4B28CD70380016E0EC /* 24060.swift */,
				BFA47ABC28476BE300BF283F /* 17478.swift */,
				BFAB5C4827E38E9800F83289 /* 2447 (unsolved).swift */,
				BFAB5C4A27E392EE00F83289 /* 11729.swift */,
				BF09E35528CC502D00B12DD1 /* 25501.swift */,
			);
			path = "Recursive (1)";
			sourceTree = "<group>";
		};
		BFB73AE127E0E3DD00CA881F /* Basic Math2 (1) */ = {
			isa = PBXGroup;
			children = (
				BFB73AE227E0E3E600CA881F /* 1978.swift */,
				BF32D41F27E240B900AB23F2 /* 1085.swift */,
				BF32D42127E241B800AB23F2 /* 3009.swift */,
				BF32D42327E2433D00AB23F2 /* 4153.swift */,
				BF32D42527E245BE00AB23F2 /* 3053.swift */,
				BF32D42727E246CA00AB23F2 /* 1002.swift */,
				BF32D41527E1CF9200AB23F2 /* 2581.swift */,
				BF32D41727E1DD8B00AB23F2 /* 11653.swift */,
				BF32D41B27E1DE8300AB23F2 /* 4948 (unsolved).swift */,
				BF32D41D27E1DF1800AB23F2 /* 9020.swift */,
				BF32D41927E1DE1200AB23F2 /* 1929.swift */,
			);
			path = "Basic Math2 (1)";
			sourceTree = "<group>";
		};
		BFC4CC4A27F1658400CB7329 /* BackTracking (4) */ = {
			isa = PBXGroup;
			children = (
				BFC4CC4B27F1658D00CB7329 /* 15649.swift */,
				BFC4CC4D27F16BAD00CB7329 /* 15650.swift */,
				BFC4CC4F27F1845100CB7329 /* 15651.swift */,
				BFA478BD27F192DD00428655 /* 15652.swift */,
				BFCC449F27F341CC00AB1257 /* 14888.swift */,
				BFCC44A127F346C300AB1257 /* 14889.swift */,
				BF16984F27F2D5C300594A43 /* 9663.swift */,
			);
			path = "BackTracking (4)";
			sourceTree = "<group>";
		};
		BFCC44A327F415D100AB1257 /* DP (2) */ = {
			isa = PBXGroup;
			children = (
				BFCC44A427F4160700AB1257 /* 1003.swift */,
				BF1F481E28524D5C009760B2 /* 24416.swift */,
				BF9D315F27F575A4004386F9 /* 9184.swift */,
				BF9D316127F5CBE2004386F9 /* 1904.swift */,
				BF9D316727F5D5B0004386F9 /* 1932.swift */,
				BF223C7827F8145E0089507A /* 1463.swift */,
				BF223C7A27F816530089507A /* 10844.swift */,
				BF9D316927F68364004386F9 /* 2579.swift */,
				BF223C7C27F95C6F0089507A /* 2156.swift */,
				BF223C7E27FAA2C30089507A /* 11053.swift */,
				BF223C8027FABF710089507A /* 11054.swift */,
				BFCEE8CE27FB4283009F4AC6 /* 2565.swift */,
				BFF4D89B27FED775002AA7F3 /* 9251 (time over).swift */,
				BF9D316327F5CE44004386F9 /* 9461.swift */,
				BF327CA527FFE89900B7A8C7 /* 12865 ( time over ).swift */,
				BF9D316527F5D11E004386F9 /* 1149.swift */,
				BF327CA327FFE2FC00B7A8C7 /* 1912.swift */,
			);
			path = "DP (2)";
			sourceTree = "<group>";
		};
		BFCCECF7281D86BF001B3EB6 /* Stack */ = {
			isa = PBXGroup;
			children = (
				BFCCECF8281D86C6001B3EB6 /* 10828.swift */,
				BFED10812821272800239A6A /* 9012.swift */,
				BFEB0672281F8D380060DB0A /* 10773.swift */,
				BF5E93D7282187D20045BE9D /* 1874.swift */,
				BF5E93D928218C8B0045BE9D /* 17298.swift */,
				BF5E93D5282185FA0045BE9D /* 4949.swift */,
			);
			path = Stack;
			sourceTree = "<group>";
		};
		BFCE3DD927D9EAE8004B1058 /* while */ = {
			isa = PBXGroup;
			children = (
				BFCE3DDA27D9EAF7004B1058 /* 10952.swift */,
				BFCE3DDC27D9EC47004B1058 /* 10951.swift */,
				BFCE3DDE27D9ED04004B1058 /* 1110.swift */,
			);
			path = while;
			sourceTree = "<group>";
		};
		BFCE3DE027DA2047004B1058 /* Array */ = {
			isa = PBXGroup;
			children = (
				BFCE3DE127DA2059004B1058 /* 10818.swift */,
				BFCE3DE327DA2112004B1058 /* 2562.swift */,
				BFCE3DE527DA225F004B1058 /* 2577.swift */,
				BFCE3DE727DA23A4004B1058 /* 3052.swift */,
				BFCE3DE927DA2491004B1058 /* 1546.swift */,
				BFCE3DEB27DA265F004B1058 /* 8958.swift */,
				BFCE3DED27DA28AC004B1058 /* 4344.swift */,
			);
			path = Array;
			sourceTree = "<group>";
		};
		BFCE3DEF27DAF6B2004B1058 /* Function */ = {
			isa = PBXGroup;
			children = (
				BFCE3DF027DAF6BC004B1058 /* 4673.swift */,
				BFCE3DF227DAFC21004B1058 /* 1065.swift */,
			);
			path = Function;
			sourceTree = "<group>";
		};
		BFCE3DF427DAFF9F004B1058 /* String */ = {
			isa = PBXGroup;
			children = (
				BFCE3DF527DAFFA7004B1058 /* 11654.swift */,
				BFCE3DF727DB006A004B1058 /* 11720.swift */,
				BFCE3DF927DB77D3004B1058 /* 10809.swift */,
				BFCE3DFB27DB79ED004B1058 /* 2675.swift */,
				BFCE3DFD27DB7CD2004B1058 /* 1157.swift */,
				BF9C3FB727DC35D2005711D7 /* 1152.swift */,
				BF9C3FB927DC3635005711D7 /* 2908.swift */,
				BF9C3FBB27DC36CB005711D7 /* 5622.swift */,
				BF9C3FBD27DC3C8E005711D7 /* 2941.swift */,
				BF9C3FBF27DC3D9B005711D7 /* 1316.swift */,
			);
			path = String;
			sourceTree = "<group>";
		};
		BFD2754B286F41E300B0376E /* Minimum Spanning Tree */ = {
			isa = PBXGroup;
			children = (
				BFD2754C286F41F900B0376E /* 9372.swift */,
			);
			path = "Minimum Spanning Tree";
			sourceTree = "<group>";
		};
		BFD8B41928550337007163A7 /* Heap */ = {
			isa = PBXGroup;
			children = (
				BFD8B41A2855035E007163A7 /* 11279.swift */,
				BFD024982856227000FC3C16 /* 1927.swift */,
			);
			path = Heap;
			sourceTree = "<group>";
		};
		BFDD6423284E5DB200E91426 /* Geometry */ = {
			isa = PBXGroup;
			children = (
				BFDD6424284E5DBC00E91426 /* 1358.swift */,
			);
			path = Geometry;
			sourceTree = "<group>";
		};
/* End PBXGroup section */

/* Begin PBXNativeTarget section */
		BF96D90D27D60A9A004DBBAF /* BaekJoonSwift */ = {
			isa = PBXNativeTarget;
			buildConfigurationList = BF96D91527D60A9A004DBBAF /* Build configuration list for PBXNativeTarget "BaekJoonSwift" */;
			buildPhases = (
				BF96D90A27D60A9A004DBBAF /* Sources */,
				BF96D90B27D60A9A004DBBAF /* Frameworks */,
				BF96D90C27D60A9A004DBBAF /* CopyFiles */,
			);
			buildRules = (
			);
			dependencies = (
			);
			name = BaekJoonSwift;
			productName = BaekJoonSwift;
			productReference = BF96D90E27D60A9A004DBBAF /* BaekJoonSwift */;
			productType = "com.apple.product-type.tool";
		};
/* End PBXNativeTarget section */

/* Begin PBXProject section */
		BF96D90627D60A9A004DBBAF /* Project object */ = {
			isa = PBXProject;
			attributes = {
				BuildIndependentTargetsInParallel = 1;
				LastSwiftUpdateCheck = 1320;
				LastUpgradeCheck = 1320;
				TargetAttributes = {
					BF96D90D27D60A9A004DBBAF = {
						CreatedOnToolsVersion = 13.2.1;
						LastSwiftMigration = 1330;
					};
				};
			};
			buildConfigurationList = BF96D90927D60A9A004DBBAF /* Build configuration list for PBXProject "BaekJoonSwift" */;
			compatibilityVersion = "Xcode 13.0";
			developmentRegion = en;
			hasScannedForEncodings = 0;
			knownRegions = (
				en,
				Base,
			);
			mainGroup = BF96D90527D60A9A004DBBAF;
			productRefGroup = BF96D90F27D60A9A004DBBAF /* Products */;
			projectDirPath = "";
			projectRoot = "";
			targets = (
				BF96D90D27D60A9A004DBBAF /* BaekJoonSwift */,
			);
		};
/* End PBXProject section */

/* Begin PBXSourcesBuildPhase section */
		BF96D90A27D60A9A004DBBAF /* Sources */ = {
			isa = PBXSourcesBuildPhase;
			buildActionMask = 2147483647;
			files = (
				BF32D41C27E1DE8300AB23F2 /* 4948 (unsolved).swift in Sources */,
			);
			runOnlyForDeploymentPostprocessing = 0;
		};
/* End PBXSourcesBuildPhase section */

/* Begin XCBuildConfiguration section */
		BF96D91327D60A9A004DBBAF /* Debug */ = {
			isa = XCBuildConfiguration;
			buildSettings = {
				ALWAYS_SEARCH_USER_PATHS = NO;
				CLANG_ANALYZER_NONNULL = YES;
				CLANG_ANALYZER_NUMBER_OBJECT_CONVERSION = YES_AGGRESSIVE;
				CLANG_CXX_LANGUAGE_STANDARD = "gnu++17";
				CLANG_CXX_LIBRARY = "libc++";
				CLANG_ENABLE_MODULES = YES;
				CLANG_ENABLE_OBJC_ARC = YES;
				CLANG_ENABLE_OBJC_WEAK = YES;
				CLANG_WARN_BLOCK_CAPTURE_AUTORELEASING = YES;
				CLANG_WARN_BOOL_CONVERSION = YES;
				CLANG_WARN_COMMA = YES;
				CLANG_WARN_CONSTANT_CONVERSION = YES;
				CLANG_WARN_DEPRECATED_OBJC_IMPLEMENTATIONS = YES;
				CLANG_WARN_DIRECT_OBJC_ISA_USAGE = YES_ERROR;
				CLANG_WARN_DOCUMENTATION_COMMENTS = YES;
				CLANG_WARN_EMPTY_BODY = YES;
				CLANG_WARN_ENUM_CONVERSION = YES;
				CLANG_WARN_INFINITE_RECURSION = YES;
				CLANG_WARN_INT_CONVERSION = YES;
				CLANG_WARN_NON_LITERAL_NULL_CONVERSION = YES;
				CLANG_WARN_OBJC_IMPLICIT_RETAIN_SELF = YES;
				CLANG_WARN_OBJC_LITERAL_CONVERSION = YES;
				CLANG_WARN_OBJC_ROOT_CLASS = YES_ERROR;
				CLANG_WARN_QUOTED_INCLUDE_IN_FRAMEWORK_HEADER = YES;
				CLANG_WARN_RANGE_LOOP_ANALYSIS = YES;
				CLANG_WARN_STRICT_PROTOTYPES = YES;
				CLANG_WARN_SUSPICIOUS_MOVE = YES;
				CLANG_WARN_UNGUARDED_AVAILABILITY = YES_AGGRESSIVE;
				CLANG_WARN_UNREACHABLE_CODE = YES;
				CLANG_WARN__DUPLICATE_METHOD_MATCH = YES;
				COPY_PHASE_STRIP = NO;
				DEBUG_INFORMATION_FORMAT = dwarf;
				ENABLE_STRICT_OBJC_MSGSEND = YES;
				ENABLE_TESTABILITY = YES;
				GCC_C_LANGUAGE_STANDARD = gnu11;
				GCC_DYNAMIC_NO_PIC = NO;
				GCC_NO_COMMON_BLOCKS = YES;
				GCC_OPTIMIZATION_LEVEL = 0;
				GCC_PREPROCESSOR_DEFINITIONS = (
					"DEBUG=1",
					"$(inherited)",
				);
				GCC_WARN_64_TO_32_BIT_CONVERSION = YES;
				GCC_WARN_ABOUT_RETURN_TYPE = YES_ERROR;
				GCC_WARN_UNDECLARED_SELECTOR = YES;
				GCC_WARN_UNINITIALIZED_AUTOS = YES_AGGRESSIVE;
				GCC_WARN_UNUSED_FUNCTION = YES;
				GCC_WARN_UNUSED_VARIABLE = YES;
				MACOSX_DEPLOYMENT_TARGET = 12.1;
				MTL_ENABLE_DEBUG_INFO = INCLUDE_SOURCE;
				MTL_FAST_MATH = YES;
				ONLY_ACTIVE_ARCH = YES;
				SDKROOT = macosx;
				SWIFT_ACTIVE_COMPILATION_CONDITIONS = DEBUG;
				SWIFT_OPTIMIZATION_LEVEL = "-Onone";
			};
			name = Debug;
		};
		BF96D91427D60A9A004DBBAF /* Release */ = {
			isa = XCBuildConfiguration;
			buildSettings = {
				ALWAYS_SEARCH_USER_PATHS = NO;
				CLANG_ANALYZER_NONNULL = YES;
				CLANG_ANALYZER_NUMBER_OBJECT_CONVERSION = YES_AGGRESSIVE;
				CLANG_CXX_LANGUAGE_STANDARD = "gnu++17";
				CLANG_CXX_LIBRARY = "libc++";
				CLANG_ENABLE_MODULES = YES;
				CLANG_ENABLE_OBJC_ARC = YES;
				CLANG_ENABLE_OBJC_WEAK = YES;
				CLANG_WARN_BLOCK_CAPTURE_AUTORELEASING = YES;
				CLANG_WARN_BOOL_CONVERSION = YES;
				CLANG_WARN_COMMA = YES;
				CLANG_WARN_CONSTANT_CONVERSION = YES;
				CLANG_WARN_DEPRECATED_OBJC_IMPLEMENTATIONS = YES;
				CLANG_WARN_DIRECT_OBJC_ISA_USAGE = YES_ERROR;
				CLANG_WARN_DOCUMENTATION_COMMENTS = YES;
				CLANG_WARN_EMPTY_BODY = YES;
				CLANG_WARN_ENUM_CONVERSION = YES;
				CLANG_WARN_INFINITE_RECURSION = YES;
				CLANG_WARN_INT_CONVERSION = YES;
				CLANG_WARN_NON_LITERAL_NULL_CONVERSION = YES;
				CLANG_WARN_OBJC_IMPLICIT_RETAIN_SELF = YES;
				CLANG_WARN_OBJC_LITERAL_CONVERSION = YES;
				CLANG_WARN_OBJC_ROOT_CLASS = YES_ERROR;
				CLANG_WARN_QUOTED_INCLUDE_IN_FRAMEWORK_HEADER = YES;
				CLANG_WARN_RANGE_LOOP_ANALYSIS = YES;
				CLANG_WARN_STRICT_PROTOTYPES = YES;
				CLANG_WARN_SUSPICIOUS_MOVE = YES;
				CLANG_WARN_UNGUARDED_AVAILABILITY = YES_AGGRESSIVE;
				CLANG_WARN_UNREACHABLE_CODE = YES;
				CLANG_WARN__DUPLICATE_METHOD_MATCH = YES;
				COPY_PHASE_STRIP = NO;
				DEBUG_INFORMATION_FORMAT = "dwarf-with-dsym";
				ENABLE_NS_ASSERTIONS = NO;
				ENABLE_STRICT_OBJC_MSGSEND = YES;
				GCC_C_LANGUAGE_STANDARD = gnu11;
				GCC_NO_COMMON_BLOCKS = YES;
				GCC_WARN_64_TO_32_BIT_CONVERSION = YES;
				GCC_WARN_ABOUT_RETURN_TYPE = YES_ERROR;
				GCC_WARN_UNDECLARED_SELECTOR = YES;
				GCC_WARN_UNINITIALIZED_AUTOS = YES_AGGRESSIVE;
				GCC_WARN_UNUSED_FUNCTION = YES;
				GCC_WARN_UNUSED_VARIABLE = YES;
				MACOSX_DEPLOYMENT_TARGET = 12.1;
				MTL_ENABLE_DEBUG_INFO = NO;
				MTL_FAST_MATH = YES;
				SDKROOT = macosx;
				SWIFT_COMPILATION_MODE = wholemodule;
				SWIFT_OPTIMIZATION_LEVEL = "-O";
			};
			name = Release;
		};
		BF96D91627D60A9A004DBBAF /* Debug */ = {
			isa = XCBuildConfiguration;
			buildSettings = {
				CLANG_ENABLE_MODULES = YES;
				CODE_SIGN_STYLE = Automatic;
				DEVELOPMENT_TEAM = KB3R84Q4BQ;
				ENABLE_HARDENED_RUNTIME = YES;
				LD_RUNPATH_SEARCH_PATHS = (
					"$(inherited)",
					"@executable_path/../Frameworks",
					"@loader_path/../Frameworks",
				);
				PRODUCT_NAME = "$(TARGET_NAME)";
				SWIFT_OPTIMIZATION_LEVEL = "-Onone";
				SWIFT_VERSION = 5.0;
			};
			name = Debug;
		};
		BF96D91727D60A9A004DBBAF /* Release */ = {
			isa = XCBuildConfiguration;
			buildSettings = {
				CLANG_ENABLE_MODULES = YES;
				CODE_SIGN_STYLE = Automatic;
				DEVELOPMENT_TEAM = KB3R84Q4BQ;
				ENABLE_HARDENED_RUNTIME = YES;
				LD_RUNPATH_SEARCH_PATHS = (
					"$(inherited)",
					"@executable_path/../Frameworks",
					"@loader_path/../Frameworks",
				);
				PRODUCT_NAME = "$(TARGET_NAME)";
				SWIFT_VERSION = 5.0;
			};
			name = Release;
		};
/* End XCBuildConfiguration section */

/* Begin XCConfigurationList section */
		BF96D90927D60A9A004DBBAF /* Build configuration list for PBXProject "BaekJoonSwift" */ = {
			isa = XCConfigurationList;
			buildConfigurations = (
				BF96D91327D60A9A004DBBAF /* Debug */,
				BF96D91427D60A9A004DBBAF /* Release */,
			);
			defaultConfigurationIsVisible = 0;
			defaultConfigurationName = Release;
		};
		BF96D91527D60A9A004DBBAF /* Build configuration list for PBXNativeTarget "BaekJoonSwift" */ = {
			isa = XCConfigurationList;
			buildConfigurations = (
				BF96D91627D60A9A004DBBAF /* Debug */,
				BF96D91727D60A9A004DBBAF /* Release */,
			);
			defaultConfigurationIsVisible = 0;
			defaultConfigurationName = Release;
		};
/* End XCConfigurationList section */
	};
	rootObject = BF96D90627D60A9A004DBBAF /* Project object */;
}
