// !$*UTF8*$!
{
	archiveVersion = 1;
	classes = {
	};
	objectVersion = 55;
	objects = {

/* Begin PBXBuildFile section */
		BF1C0DB0278C73FA00A45220 /* AppDelegate.swift in Sources */ = {isa = PBXBuildFile; fileRef = BF1C0DAF278C73FA00A45220 /* AppDelegate.swift */; };
		BF1C0DB2278C73FA00A45220 /* SceneDelegate.swift in Sources */ = {isa = PBXBuildFile; fileRef = BF1C0DB1278C73FA00A45220 /* SceneDelegate.swift */; };
		BF1C0DB4278C73FA00A45220 /* ViewController.swift in Sources */ = {isa = PBXBuildFile; fileRef = BF1C0DB3278C73FA00A45220 /* ViewController.swift */; };
		BF1C0DB7278C73FA00A45220 /* Main.storyboard in Resources */ = {isa = PBXBuildFile; fileRef = BF1C0DB5278C73FA00A45220 /* Main.storyboard */; };
		BF1C0DB9278C73FD00A45220 /* Assets.xcassets in Resources */ = {isa = PBXBuildFile; fileRef = BF1C0DB8278C73FD00A45220 /* Assets.xcassets */; };
		BF1C0DBC278C73FD00A45220 /* LaunchScreen.storyboard in Resources */ = {isa = PBXBuildFile; fileRef = BF1C0DBA278C73FD00A45220 /* LaunchScreen.storyboard */; };
		BF1C0DC4278C75E600A45220 /* DirayCell.swift in Sources */ = {isa = PBXBuildFile; fileRef = BF1C0DC3278C75E600A45220 /* DirayCell.swift */; };
		BF1C0DC6278C762000A45220 /* StarViewController.swift in Sources */ = {isa = PBXBuildFile; fileRef = BF1C0DC5278C762000A45220 /* StarViewController.swift */; };
		BF1C0DC8278C775700A45220 /* StarCell.swift in Sources */ = {isa = PBXBuildFile; fileRef = BF1C0DC7278C775700A45220 /* StarCell.swift */; };
		BF1C0DCA278C788800A45220 /* WriteDiaryController.swift in Sources */ = {isa = PBXBuildFile; fileRef = BF1C0DC9278C788800A45220 /* WriteDiaryController.swift */; };
		BF1C0DCC278C78D100A45220 /* DiaryDetailViewController.swift in Sources */ = {isa = PBXBuildFile; fileRef = BF1C0DCB278C78D100A45220 /* DiaryDetailViewController.swift */; };
/* End PBXBuildFile section */

/* Begin PBXFileReference section */
		BF1C0DAC278C73FA00A45220 /* Diary.app */ = {isa = PBXFileReference; explicitFileType = wrapper.application; includeInIndex = 0; path = Diary.app; sourceTree = BUILT_PRODUCTS_DIR; };
		BF1C0DAF278C73FA00A45220 /* AppDelegate.swift */ = {isa = PBXFileReference; lastKnownFileType = sourcecode.swift; path = AppDelegate.swift; sourceTree = "<group>"; };
		BF1C0DB1278C73FA00A45220 /* SceneDelegate.swift */ = {isa = PBXFileReference; lastKnownFileType = sourcecode.swift; path = SceneDelegate.swift; sourceTree = "<group>"; };
		BF1C0DB3278C73FA00A45220 /* ViewController.swift */ = {isa = PBXFileReference; lastKnownFileType = sourcecode.swift; path = ViewController.swift; sourceTree = "<group>"; };
		BF1C0DB6278C73FA00A45220 /* Base */ = {isa = PBXFileReference; lastKnownFileType = file.storyboard; name = Base; path = Base.lproj/Main.storyboard; sourceTree = "<group>"; };
		BF1C0DB8278C73FD00A45220 /* Assets.xcassets */ = {isa = PBXFileReference; lastKnownFileType = folder.assetcatalog; path = Assets.xcassets; sourceTree = "<group>"; };
		BF1C0DBB278C73FD00A45220 /* Base */ = {isa = PBXFileReference; lastKnownFileType = file.storyboard; name = Base; path = Base.lproj/LaunchScreen.storyboard; sourceTree = "<group>"; };
		BF1C0DBD278C73FD00A45220 /* Info.plist */ = {isa = PBXFileReference; lastKnownFileType = text.plist.xml; path = Info.plist; sourceTree = "<group>"; };
		BF1C0DC3278C75E600A45220 /* DirayCell.swift */ = {isa = PBXFileReference; lastKnownFileType = sourcecode.swift; path = DirayCell.swift; sourceTree = "<group>"; };
		BF1C0DC5278C762000A45220 /* StarViewController.swift */ = {isa = PBXFileReference; lastKnownFileType = sourcecode.swift; path = StarViewController.swift; sourceTree = "<group>"; };
		BF1C0DC7278C775700A45220 /* StarCell.swift */ = {isa = PBXFileReference; lastKnownFileType = sourcecode.swift; path = StarCell.swift; sourceTree = "<group>"; };
		BF1C0DC9278C788800A45220 /* WriteDiaryController.swift */ = {isa = PBXFileReference; lastKnownFileType = sourcecode.swift; path = WriteDiaryController.swift; sourceTree = "<group>"; };
		BF1C0DCB278C78D100A45220 /* DiaryDetailViewController.swift */ = {isa = PBXFileReference; lastKnownFileType = sourcecode.swift; path = DiaryDetailViewController.swift; sourceTree = "<group>"; };
/* End PBXFileReference section */

/* Begin PBXFrameworksBuildPhase section */
		BF1C0DA9278C73FA00A45220 /* Frameworks */ = {
			isa = PBXFrameworksBuildPhase;
			buildActionMask = 2147483647;
			files = (
			);
			runOnlyForDeploymentPostprocessing = 0;
		};
/* End PBXFrameworksBuildPhase section */

/* Begin PBXGroup section */
		BF1C0DA3278C73FA00A45220 = {
			isa = PBXGroup;
			children = (
				BF1C0DAE278C73FA00A45220 /* Diary */,
				BF1C0DAD278C73FA00A45220 /* Products */,
			);
			sourceTree = "<group>";
		};
		BF1C0DAD278C73FA00A45220 /* Products */ = {
			isa = PBXGroup;
			children = (
				BF1C0DAC278C73FA00A45220 /* Diary.app */,
			);
			name = Products;
			sourceTree = "<group>";
		};
		BF1C0DAE278C73FA00A45220 /* Diary */ = {
			isa = PBXGroup;
			children = (
				BF1C0DAF278C73FA00A45220 /* AppDelegate.swift */,
				BF1C0DC9278C788800A45220 /* WriteDiaryController.swift */,
				BF1C0DB1278C73FA00A45220 /* SceneDelegate.swift */,
				BF1C0DB3278C73FA00A45220 /* ViewController.swift */,
				BF1C0DB5278C73FA00A45220 /* Main.storyboard */,
				BF1C0DB8278C73FD00A45220 /* Assets.xcassets */,
				BF1C0DBA278C73FD00A45220 /* LaunchScreen.storyboard */,
				BF1C0DBD278C73FD00A45220 /* Info.plist */,
				BF1C0DC3278C75E600A45220 /* DirayCell.swift */,
				BF1C0DC5278C762000A45220 /* StarViewController.swift */,
				BF1C0DC7278C775700A45220 /* StarCell.swift */,
				BF1C0DCB278C78D100A45220 /* DiaryDetailViewController.swift */,
			);
			path = Diary;
			sourceTree = "<group>";
		};
/* End PBXGroup section */

/* Begin PBXNativeTarget section */
		BF1C0DAB278C73FA00A45220 /* Diary */ = {
			isa = PBXNativeTarget;
			buildConfigurationList = BF1C0DC0278C73FD00A45220 /* Build configuration list for PBXNativeTarget "Diary" */;
			buildPhases = (
				BF1C0DA8278C73FA00A45220 /* Sources */,
				BF1C0DA9278C73FA00A45220 /* Frameworks */,
				BF1C0DAA278C73FA00A45220 /* Resources */,
			);
			buildRules = (
			);
			dependencies = (
			);
			name = Diary;
			productName = Diary;
			productReference = BF1C0DAC278C73FA00A45220 /* Diary.app */;
			productType = "com.apple.product-type.application";
		};
/* End PBXNativeTarget section */

/* Begin PBXProject section */
		BF1C0DA4278C73FA00A45220 /* Project object */ = {
			isa = PBXProject;
			attributes = {
				BuildIndependentTargetsInParallel = 1;
				LastSwiftUpdateCheck = 1320;
				LastUpgradeCheck = 1320;
				TargetAttributes = {
					BF1C0DAB278C73FA00A45220 = {
						CreatedOnToolsVersion = 13.2.1;
					};
				};
			};
			buildConfigurationList = BF1C0DA7278C73FA00A45220 /* Build configuration list for PBXProject "Diary" */;
			compatibilityVersion = "Xcode 13.0";
			developmentRegion = en;
			hasScannedForEncodings = 0;
			knownRegions = (
				en,
				Base,
			);
			mainGroup = BF1C0DA3278C73FA00A45220;
			productRefGroup = BF1C0DAD278C73FA00A45220 /* Products */;
			projectDirPath = "";
			projectRoot = "";
			targets = (
				BF1C0DAB278C73FA00A45220 /* Diary */,
			);
		};
/* End PBXProject section */

/* Begin PBXResourcesBuildPhase section */
		BF1C0DAA278C73FA00A45220 /* Resources */ = {
			isa = PBXResourcesBuildPhase;
			buildActionMask = 2147483647;
			files = (
				BF1C0DBC278C73FD00A45220 /* LaunchScreen.storyboard in Resources */,
				BF1C0DB9278C73FD00A45220 /* Assets.xcassets in Resources */,
				BF1C0DB7278C73FA00A45220 /* Main.storyboard in Resources */,
			);
			runOnlyForDeploymentPostprocessing = 0;
		};
/* End PBXResourcesBuildPhase section */

/* Begin PBXSourcesBuildPhase section */
		BF1C0DA8278C73FA00A45220 /* Sources */ = {
			isa = PBXSourcesBuildPhase;
			buildActionMask = 2147483647;
			files = (
				BF1C0DB4278C73FA00A45220 /* ViewController.swift in Sources */,
				BF1C0DC8278C775700A45220 /* StarCell.swift in Sources */,
				BF1C0DB0278C73FA00A45220 /* AppDelegate.swift in Sources */,
				BF1C0DCA278C788800A45220 /* WriteDiaryController.swift in Sources */,
				BF1C0DB2278C73FA00A45220 /* SceneDelegate.swift in Sources */,
				BF1C0DCC278C78D100A45220 /* DiaryDetailViewController.swift in Sources */,
				BF1C0DC4278C75E600A45220 /* DirayCell.swift in Sources */,
				BF1C0DC6278C762000A45220 /* StarViewController.swift in Sources */,
			);
			runOnlyForDeploymentPostprocessing = 0;
		};
/* End PBXSourcesBuildPhase section */

/* Begin PBXVariantGroup section */
		BF1C0DB5278C73FA00A45220 /* Main.storyboard */ = {
			isa = PBXVariantGroup;
			children = (
				BF1C0DB6278C73FA00A45220 /* Base */,
			);
			name = Main.storyboard;
			sourceTree = "<group>";
		};
		BF1C0DBA278C73FD00A45220 /* LaunchScreen.storyboard */ = {
			isa = PBXVariantGroup;
			children = (
				BF1C0DBB278C73FD00A45220 /* Base */,
			);
			name = LaunchScreen.storyboard;
			sourceTree = "<group>";
		};
/* End PBXVariantGroup section */

/* Begin XCBuildConfiguration section */
		BF1C0DBE278C73FD00A45220 /* Debug */ = {
			isa = XCBuildConfiguration;
			buildSettings = {
				ALWAYS_SEARCH_USER_PATHS = NO;
				CLANG_ANALYZER_NONNULL = YES;
				CLANG_ANALYZER_NUMBER_OBJECT_CONVERSION = YES_AGGRESSIVE;
				CLANG_CXX_LANGUAGE_STANDARD = "gnu++17";
				CLANG_CXX_LIBRARY = "libc++";
				CLANG_ENABLE_MODULES = YES;
				CLANG_ENABLE_OBJC_ARC = YES;
				CLANG_ENABLE_OBJC_WEAK = YES;
				CLANG_WARN_BLOCK_CAPTURE_AUTORELEASING = YES;
				CLANG_WARN_BOOL_CONVERSION = YES;
				CLANG_WARN_COMMA = YES;
				CLANG_WARN_CONSTANT_CONVERSION = YES;
				CLANG_WARN_DEPRECATED_OBJC_IMPLEMENTATIONS = YES;
				CLANG_WARN_DIRECT_OBJC_ISA_USAGE = YES_ERROR;
				CLANG_WARN_DOCUMENTATION_COMMENTS = YES;
				CLANG_WARN_EMPTY_BODY = YES;
				CLANG_WARN_ENUM_CONVERSION = YES;
				CLANG_WARN_INFINITE_RECURSION = YES;
				CLANG_WARN_INT_CONVERSION = YES;
				CLANG_WARN_NON_LITERAL_NULL_CONVERSION = YES;
				CLANG_WARN_OBJC_IMPLICIT_RETAIN_SELF = YES;
				CLANG_WARN_OBJC_LITERAL_CONVERSION = YES;
				CLANG_WARN_OBJC_ROOT_CLASS = YES_ERROR;
				CLANG_WARN_QUOTED_INCLUDE_IN_FRAMEWORK_HEADER = YES;
				CLANG_WARN_RANGE_LOOP_ANALYSIS = YES;
				CLANG_WARN_STRICT_PROTOTYPES = YES;
				CLANG_WARN_SUSPICIOUS_MOVE = YES;
				CLANG_WARN_UNGUARDED_AVAILABILITY = YES_AGGRESSIVE;
				CLANG_WARN_UNREACHABLE_CODE = YES;
				CLANG_WARN__DUPLICATE_METHOD_MATCH = YES;
				COPY_PHASE_STRIP = NO;
				DEBUG_INFORMATION_FORMAT = dwarf;
				ENABLE_STRICT_OBJC_MSGSEND = YES;
				ENABLE_TESTABILITY = YES;
				GCC_C_LANGUAGE_STANDARD = gnu11;
				GCC_DYNAMIC_NO_PIC = NO;
				GCC_NO_COMMON_BLOCKS = YES;
				GCC_OPTIMIZATION_LEVEL = 0;
				GCC_PREPROCESSOR_DEFINITIONS = (
					"DEBUG=1",
					"$(inherited)",
				);
				GCC_WARN_64_TO_32_BIT_CONVERSION = YES;
				GCC_WARN_ABOUT_RETURN_TYPE = YES_ERROR;
				GCC_WARN_UNDECLARED_SELECTOR = YES;
				GCC_WARN_UNINITIALIZED_AUTOS = YES_AGGRESSIVE;
				GCC_WARN_UNUSED_FUNCTION = YES;
				GCC_WARN_UNUSED_VARIABLE = YES;
				IPHONEOS_DEPLOYMENT_TARGET = 15.2;
				MTL_ENABLE_DEBUG_INFO = INCLUDE_SOURCE;
				MTL_FAST_MATH = YES;
				ONLY_ACTIVE_ARCH = YES;
				SDKROOT = iphoneos;
				SWIFT_ACTIVE_COMPILATION_CONDITIONS = DEBUG;
				SWIFT_OPTIMIZATION_LEVEL = "-Onone";
			};
			name = Debug;
		};
		BF1C0DBF278C73FD00A45220 /* Release */ = {
			isa = XCBuildConfiguration;
			buildSettings = {
				ALWAYS_SEARCH_USER_PATHS = NO;
				CLANG_ANALYZER_NONNULL = YES;
				CLANG_ANALYZER_NUMBER_OBJECT_CONVERSION = YES_AGGRESSIVE;
				CLANG_CXX_LANGUAGE_STANDARD = "gnu++17";
				CLANG_CXX_LIBRARY = "libc++";
				CLANG_ENABLE_MODULES = YES;
				CLANG_ENABLE_OBJC_ARC = YES;
				CLANG_ENABLE_OBJC_WEAK = YES;
				CLANG_WARN_BLOCK_CAPTURE_AUTORELEASING = YES;
				CLANG_WARN_BOOL_CONVERSION = YES;
				CLANG_WARN_COMMA = YES;
				CLANG_WARN_CONSTANT_CONVERSION = YES;
				CLANG_WARN_DEPRECATED_OBJC_IMPLEMENTATIONS = YES;
				CLANG_WARN_DIRECT_OBJC_ISA_USAGE = YES_ERROR;
				CLANG_WARN_DOCUMENTATION_COMMENTS = YES;
				CLANG_WARN_EMPTY_BODY = YES;
				CLANG_WARN_ENUM_CONVERSION = YES;
				CLANG_WARN_INFINITE_RECURSION = YES;
				CLANG_WARN_INT_CONVERSION = YES;
				CLANG_WARN_NON_LITERAL_NULL_CONVERSION = YES;
				CLANG_WARN_OBJC_IMPLICIT_RETAIN_SELF = YES;
				CLANG_WARN_OBJC_LITERAL_CONVERSION = YES;
				CLANG_WARN_OBJC_ROOT_CLASS = YES_ERROR;
				CLANG_WARN_QUOTED_INCLUDE_IN_FRAMEWORK_HEADER = YES;
				CLANG_WARN_RANGE_LOOP_ANALYSIS = YES;
				CLANG_WARN_STRICT_PROTOTYPES = YES;
				CLANG_WARN_SUSPICIOUS_MOVE = YES;
				CLANG_WARN_UNGUARDED_AVAILABILITY = YES_AGGRESSIVE;
				CLANG_WARN_UNREACHABLE_CODE = YES;
				CLANG_WARN__DUPLICATE_METHOD_MATCH = YES;
				COPY_PHASE_STRIP = NO;
				DEBUG_INFORMATION_FORMAT = "dwarf-with-dsym";
				ENABLE_NS_ASSERTIONS = NO;
				ENABLE_STRICT_OBJC_MSGSEND = YES;
				GCC_C_LANGUAGE_STANDARD = gnu11;
				GCC_NO_COMMON_BLOCKS = YES;
				GCC_WARN_64_TO_32_BIT_CONVERSION = YES;
				GCC_WARN_ABOUT_RETURN_TYPE = YES_ERROR;
				GCC_WARN_UNDECLARED_SELECTOR = YES;
				GCC_WARN_UNINITIALIZED_AUTOS = YES_AGGRESSIVE;
				GCC_WARN_UNUSED_FUNCTION = YES;
				GCC_WARN_UNUSED_VARIABLE = YES;
				IPHONEOS_DEPLOYMENT_TARGET = 15.2;
				MTL_ENABLE_DEBUG_INFO = NO;
				MTL_FAST_MATH = YES;
				SDKROOT = iphoneos;
				SWIFT_COMPILATION_MODE = wholemodule;
				SWIFT_OPTIMIZATION_LEVEL = "-O";
				VALIDATE_PRODUCT = YES;
			};
			name = Release;
		};
		BF1C0DC1278C73FD00A45220 /* Debug */ = {
			isa = XCBuildConfiguration;
			buildSettings = {
				ASSETCATALOG_COMPILER_APPICON_NAME = AppIcon;
				ASSETCATALOG_COMPILER_GLOBAL_ACCENT_COLOR_NAME = AccentColor;
				CODE_SIGN_STYLE = Automatic;
				CURRENT_PROJECT_VERSION = 1;
				DEVELOPMENT_TEAM = KB3R84Q4BQ;
				GENERATE_INFOPLIST_FILE = YES;
				INFOPLIST_FILE = Diary/Info.plist;
				INFOPLIST_KEY_UIApplicationSupportsIndirectInputEvents = YES;
				INFOPLIST_KEY_UILaunchStoryboardName = LaunchScreen;
				INFOPLIST_KEY_UIMainStoryboardFile = Main;
				INFOPLIST_KEY_UISupportedInterfaceOrientations_iPad = "UIInterfaceOrientationPortrait UIInterfaceOrientationPortraitUpsideDown UIInterfaceOrientationLandscapeLeft UIInterfaceOrientationLandscapeRight";
				INFOPLIST_KEY_UISupportedInterfaceOrientations_iPhone = "UIInterfaceOrientationPortrait UIInterfaceOrientationLandscapeLeft UIInterfaceOrientationLandscapeRight";
				LD_RUNPATH_SEARCH_PATHS = (
					"$(inherited)",
					"@executable_path/Frameworks",
				);
				MARKETING_VERSION = 1.0;
				PRODUCT_BUNDLE_IDENTIFIER = kr.co.suneom.Diary;
				PRODUCT_NAME = "$(TARGET_NAME)";
				SWIFT_EMIT_LOC_STRINGS = YES;
				SWIFT_VERSION = 5.0;
				TARGETED_DEVICE_FAMILY = "1,2";
			};
			name = Debug;
		};
		BF1C0DC2278C73FD00A45220 /* Release */ = {
			isa = XCBuildConfiguration;
			buildSettings = {
				ASSETCATALOG_COMPILER_APPICON_NAME = AppIcon;
				ASSETCATALOG_COMPILER_GLOBAL_ACCENT_COLOR_NAME = AccentColor;
				CODE_SIGN_STYLE = Automatic;
				CURRENT_PROJECT_VERSION = 1;
				DEVELOPMENT_TEAM = KB3R84Q4BQ;
				GENERATE_INFOPLIST_FILE = YES;
				INFOPLIST_FILE = Diary/Info.plist;
				INFOPLIST_KEY_UIApplicationSupportsIndirectInputEvents = YES;
				INFOPLIST_KEY_UILaunchStoryboardName = LaunchScreen;
				INFOPLIST_KEY_UIMainStoryboardFile = Main;
				INFOPLIST_KEY_UISupportedInterfaceOrientations_iPad = "UIInterfaceOrientationPortrait UIInterfaceOrientationPortraitUpsideDown UIInterfaceOrientationLandscapeLeft UIInterfaceOrientationLandscapeRight";
				INFOPLIST_KEY_UISupportedInterfaceOrientations_iPhone = "UIInterfaceOrientationPortrait UIInterfaceOrientationLandscapeLeft UIInterfaceOrientationLandscapeRight";
				LD_RUNPATH_SEARCH_PATHS = (
					"$(inherited)",
					"@executable_path/Frameworks",
				);
				MARKETING_VERSION = 1.0;
				PRODUCT_BUNDLE_IDENTIFIER = kr.co.suneom.Diary;
				PRODUCT_NAME = "$(TARGET_NAME)";
				SWIFT_EMIT_LOC_STRINGS = YES;
				SWIFT_VERSION = 5.0;
				TARGETED_DEVICE_FAMILY = "1,2";
			};
			name = Release;
		};
/* End XCBuildConfiguration section */

/* Begin XCConfigurationList section */
		BF1C0DA7278C73FA00A45220 /* Build configuration list for PBXProject "Diary" */ = {
			isa = XCConfigurationList;
			buildConfigurations = (
				BF1C0DBE278C73FD00A45220 /* Debug */,
				BF1C0DBF278C73FD00A45220 /* Release */,
			);
			defaultConfigurationIsVisible = 0;
			defaultConfigurationName = Release;
		};
		BF1C0DC0278C73FD00A45220 /* Build configuration list for PBXNativeTarget "Diary" */ = {
			isa = XCConfigurationList;
			buildConfigurations = (
				BF1C0DC1278C73FD00A45220 /* Debug */,
				BF1C0DC2278C73FD00A45220 /* Release */,
			);
			defaultConfigurationIsVisible = 0;
			defaultConfigurationName = Release;
		};
/* End XCConfigurationList section */
	};
	rootObject = BF1C0DA4278C73FA00A45220 /* Project object */;
}
